// !$*UTF8*$!
{
	archiveVersion = 1;
	classes = {
	};
	objectVersion = 46;
	objects = {

/* Begin PBXBuildFile section */
		3842FCBC810AA43EA43580FB /* libPods-runLoop.a in Frameworks */ = {isa = PBXBuildFile; fileRef = 3D67C8C87261CE971CDBB82D /* libPods-runLoop.a */; };
		7607109E2009AB0A0068B442 /* Student.m in Sources */ = {isa = PBXBuildFile; fileRef = 7607109D2009AB0A0068B442 /* Student.m */; };
		762F20E6229400E4008771CB /* PPInterfacedConst.m in Sources */ = {isa = PBXBuildFile; fileRef = 762F20DD229400E4008771CB /* PPInterfacedConst.m */; };
		762F20E7229400E4008771CB /* PPHTTPRequest.m in Sources */ = {isa = PBXBuildFile; fileRef = 762F20DE229400E4008771CB /* PPHTTPRequest.m */; };
		762F20E8229400E4008771CB /* PPNetworkHelper.m in Sources */ = {isa = PBXBuildFile; fileRef = 762F20E0229400E4008771CB /* PPNetworkHelper.m */; };
		762F20E9229400E4008771CB /* PPNetworkCache.m in Sources */ = {isa = PBXBuildFile; fileRef = 762F20E3229400E4008771CB /* PPNetworkCache.m */; };
		762F20EC22963EA9008771CB /* TestSmsCodeViewController.m in Sources */ = {isa = PBXBuildFile; fileRef = 762F20EB22963EA9008771CB /* TestSmsCodeViewController.m */; };
		762F20F3229645F7008771CB /* KKValidationCodeView.m in Sources */ = {isa = PBXBuildFile; fileRef = 762F20F2229645F7008771CB /* KKValidationCodeView.m */; };
		762F20F6229648BE008771CB /* WelcomeViewController.m in Sources */ = {isa = PBXBuildFile; fileRef = 762F20F5229648BE008771CB /* WelcomeViewController.m */; };
		762F20FB22964B28008771CB /* HXSRSolution.m in Sources */ = {isa = PBXBuildFile; fileRef = 762F20F922964B27008771CB /* HXSRSolution.m */; };
		7635B0A221B782EA00BCA8E6 /* EOCBaseClass.m in Sources */ = {isa = PBXBuildFile; fileRef = 7635B0A121B782EA00BCA8E6 /* EOCBaseClass.m */; };
		7635B0A521B7830800BCA8E6 /* EOCSubClass.m in Sources */ = {isa = PBXBuildFile; fileRef = 7635B0A421B7830800BCA8E6 /* EOCSubClass.m */; };
		764244B221EF063F009252D7 /* UIImage+Addtions.m in Sources */ = {isa = PBXBuildFile; fileRef = 764244B121EF063F009252D7 /* UIImage+Addtions.m */; };
		764771D5204EA8DC00149AC3 /* VBViewController.m in Sources */ = {isa = PBXBuildFile; fileRef = 764771D4204EA8DC00149AC3 /* VBViewController.m */; };
		764771DB204EA90600149AC3 /* VCViewController.m in Sources */ = {isa = PBXBuildFile; fileRef = 764771DA204EA90600149AC3 /* VCViewController.m */; };
		764A72DA228A65C500A6DDE4 /* BaseView.m in Sources */ = {isa = PBXBuildFile; fileRef = 764A72D8228A65C500A6DDE4 /* BaseView.m */; };
		764A72DB228A65C500A6DDE4 /* BRStringPickerView.m in Sources */ = {isa = PBXBuildFile; fileRef = 764A72D9228A65C500A6DDE4 /* BRStringPickerView.m */; };
		764A72E0228A9B1700A6DDE4 /* TestAVPlayerViewController.m in Sources */ = {isa = PBXBuildFile; fileRef = 764A72DF228A9B1700A6DDE4 /* TestAVPlayerViewController.m */; };
		764CF60C22A4EE0E0065E7C8 /* MessageUI.framework in Frameworks */ = {isa = PBXBuildFile; fileRef = 764CF60B22A4EE0E0065E7C8 /* MessageUI.framework */; };
		764DF6EF22D82D710026DB14 /* StudyGCD.m in Sources */ = {isa = PBXBuildFile; fileRef = 764DF6EE22D82D710026DB14 /* StudyGCD.m */; };
		765D9B4F206C83FD00422982 /* TestValueViewController.m in Sources */ = {isa = PBXBuildFile; fileRef = 765D9B4E206C83FD00422982 /* TestValueViewController.m */; };
		7673011A229BAFB6000B9ECA /* Test01ViewController.m in Sources */ = {isa = PBXBuildFile; fileRef = 76730119229BAFB6000B9ECA /* Test01ViewController.m */; };
		7673011D229BB37C000B9ECA /* UIImage+Image.m in Sources */ = {isa = PBXBuildFile; fileRef = 7673011B229BB37C000B9ECA /* UIImage+Image.m */; };
		76730120229BB8CE000B9ECA /* Text02ViewController.m in Sources */ = {isa = PBXBuildFile; fileRef = 7673011F229BB8CE000B9ECA /* Text02ViewController.m */; };
		76730123229BD2DB000B9ECA /* Test03ViewController.m in Sources */ = {isa = PBXBuildFile; fileRef = 76730122229BD2DB000B9ECA /* Test03ViewController.m */; };
		7673012F229BEBB2000B9ECA /* HXMenuBarController.m in Sources */ = {isa = PBXBuildFile; fileRef = 76730126229BEBB2000B9ECA /* HXMenuBarController.m */; };
		76730130229BEBB2000B9ECA /* HXMenuBarView.m in Sources */ = {isa = PBXBuildFile; fileRef = 76730128229BEBB2000B9ECA /* HXMenuBarView.m */; };
		76730131229BEBB2000B9ECA /* HXMenuBarItem.m in Sources */ = {isa = PBXBuildFile; fileRef = 76730129229BEBB2000B9ECA /* HXMenuBarItem.m */; };
		76730132229BEBB2000B9ECA /* HXMenuBarSlide.m in Sources */ = {isa = PBXBuildFile; fileRef = 7673012A229BEBB2000B9ECA /* HXMenuBarSlide.m */; };
		76730133229BEBB2000B9ECA /* HXMenuBarBase.m in Sources */ = {isa = PBXBuildFile; fileRef = 7673012D229BEBB2000B9ECA /* HXMenuBarBase.m */; };
		7673013D229CDA49000B9ECA /* TestCustomMenuBar.m in Sources */ = {isa = PBXBuildFile; fileRef = 7673013C229CDA49000B9ECA /* TestCustomMenuBar.m */; };
		76730140229CE5CF000B9ECA /* TestSegViewController.m in Sources */ = {isa = PBXBuildFile; fileRef = 7673013F229CE5CF000B9ECA /* TestSegViewController.m */; };
		76730143229CF7B5000B9ECA /* HomrProductMenuBarItem.m in Sources */ = {isa = PBXBuildFile; fileRef = 76730142229CF7B5000B9ECA /* HomrProductMenuBarItem.m */; };
		7674385822B9D1DF005D2960 /* TestLoginViewController.m in Sources */ = {isa = PBXBuildFile; fileRef = 7674385722B9D1DF005D2960 /* TestLoginViewController.m */; };
		7674385B22B9D375005D2960 /* AccountManager.m in Sources */ = {isa = PBXBuildFile; fileRef = 7674385A22B9D375005D2960 /* AccountManager.m */; };
		7677378C20215B42002B75DD /* Person+RunPerson.m in Sources */ = {isa = PBXBuildFile; fileRef = 7677378B20215B42002B75DD /* Person+RunPerson.m */; };
		7677378F20232541002B75DD /* LYPerson.m in Sources */ = {isa = PBXBuildFile; fileRef = 7677378E20232541002B75DD /* LYPerson.m */; };
		768EF805219BC2E4006C3197 /* SingleInstanceObject.m in Sources */ = {isa = PBXBuildFile; fileRef = 768EF804219BC2E4006C3197 /* SingleInstanceObject.m */; };
		769D78B320CE6E8800E69BE2 /* TestCategaryBaseClass.m in Sources */ = {isa = PBXBuildFile; fileRef = 769D78B220CE6E8800E69BE2 /* TestCategaryBaseClass.m */; };
		769D78B620CE700600E69BE2 /* TestCategaryBaseClass+MyCategary.m in Sources */ = {isa = PBXBuildFile; fileRef = 769D78B520CE700600E69BE2 /* TestCategaryBaseClass+MyCategary.m */; };
		76B4935A2004AFAD00BF0EED /* Person.m in Sources */ = {isa = PBXBuildFile; fileRef = 76B493592004AFAD00BF0EED /* Person.m */; };
		76DC84342010441700E7963E /* testFile.txt in Resources */ = {isa = PBXBuildFile; fileRef = 76DC84332010441700E7963E /* testFile.txt */; };
		76DC8436201044FB00E7963E /* testFile02 in Resources */ = {isa = PBXBuildFile; fileRef = 76DC8435201044FB00E7963E /* testFile02 */; };
		76DC843820108B7100E7963E /* testXML.plist in Resources */ = {isa = PBXBuildFile; fileRef = 76DC843720108B7100E7963E /* testXML.plist */; };
		76DC843B201187CC00E7963E /* AssetManager.m in Sources */ = {isa = PBXBuildFile; fileRef = 76DC843A201187CC00E7963E /* AssetManager.m */; };
		76E8FA6121BE70750092B4A7 /* EOCNetworkFetcher.m in Sources */ = {isa = PBXBuildFile; fileRef = 76E8FA6021BE70750092B4A7 /* EOCNetworkFetcher.m */; };
		76EB6B8F2074B0FB00DD9D86 /* index.html in Resources */ = {isa = PBXBuildFile; fileRef = 76EB6B8E2074B0FB00DD9D86 /* index.html */; };
		76FC08502268519500A7BE38 /* TestModelWithKVC.m in Sources */ = {isa = PBXBuildFile; fileRef = 76FC084F2268519500A7BE38 /* TestModelWithKVC.m */; };
		76FE35FE20285D1000369EDF /* Dog.m in Sources */ = {isa = PBXBuildFile; fileRef = 76FE35FD20285D1000369EDF /* Dog.m */; };
		76FE3603202C21B000369EDF /* SecondViewController.m in Sources */ = {isa = PBXBuildFile; fileRef = 76FE3602202C21B000369EDF /* SecondViewController.m */; };
		EAC2B7E81EF9166500AC8029 /* main.m in Sources */ = {isa = PBXBuildFile; fileRef = EAC2B7E71EF9166500AC8029 /* main.m */; };
		EAC2B7EB1EF9166500AC8029 /* AppDelegate.m in Sources */ = {isa = PBXBuildFile; fileRef = EAC2B7EA1EF9166500AC8029 /* AppDelegate.m */; };
		EAC2B7EE1EF9166500AC8029 /* ViewController.m in Sources */ = {isa = PBXBuildFile; fileRef = EAC2B7ED1EF9166500AC8029 /* ViewController.m */; };
		EAC2B7F11EF9166500AC8029 /* Main.storyboard in Resources */ = {isa = PBXBuildFile; fileRef = EAC2B7EF1EF9166500AC8029 /* Main.storyboard */; };
		EAC2B7F31EF9166500AC8029 /* Assets.xcassets in Resources */ = {isa = PBXBuildFile; fileRef = EAC2B7F21EF9166500AC8029 /* Assets.xcassets */; };
		EAC2B7F61EF9166500AC8029 /* LaunchScreen.storyboard in Resources */ = {isa = PBXBuildFile; fileRef = EAC2B7F41EF9166500AC8029 /* LaunchScreen.storyboard */; };
		EAC2B8011EF9166500AC8029 /* runLoopTests.m in Sources */ = {isa = PBXBuildFile; fileRef = EAC2B8001EF9166500AC8029 /* runLoopTests.m */; };
		EAC2B80C1EF9166500AC8029 /* runLoopUITests.m in Sources */ = {isa = PBXBuildFile; fileRef = EAC2B80B1EF9166500AC8029 /* runLoopUITests.m */; };
/* End PBXBuildFile section */

/* Begin PBXContainerItemProxy section */
		EAC2B7FD1EF9166500AC8029 /* PBXContainerItemProxy */ = {
			isa = PBXContainerItemProxy;
			containerPortal = EAC2B7DB1EF9166500AC8029 /* Project object */;
			proxyType = 1;
			remoteGlobalIDString = EAC2B7E21EF9166500AC8029;
			remoteInfo = runLoop;
		};
		EAC2B8081EF9166500AC8029 /* PBXContainerItemProxy */ = {
			isa = PBXContainerItemProxy;
			containerPortal = EAC2B7DB1EF9166500AC8029 /* Project object */;
			proxyType = 1;
			remoteGlobalIDString = EAC2B7E21EF9166500AC8029;
			remoteInfo = runLoop;
		};
/* End PBXContainerItemProxy section */

/* Begin PBXFileReference section */
		3D67C8C87261CE971CDBB82D /* libPods-runLoop.a */ = {isa = PBXFileReference; explicitFileType = archive.ar; includeInIndex = 0; path = "libPods-runLoop.a"; sourceTree = BUILT_PRODUCTS_DIR; };
		7607109C2009AB0A0068B442 /* Student.h */ = {isa = PBXFileReference; lastKnownFileType = sourcecode.c.h; path = Student.h; sourceTree = "<group>"; };
		7607109D2009AB0A0068B442 /* Student.m */ = {isa = PBXFileReference; lastKnownFileType = sourcecode.c.objc; path = Student.m; sourceTree = "<group>"; };
		762F20DD229400E4008771CB /* PPInterfacedConst.m */ = {isa = PBXFileReference; fileEncoding = 4; lastKnownFileType = sourcecode.c.objc; path = PPInterfacedConst.m; sourceTree = "<group>"; };
		762F20DE229400E4008771CB /* PPHTTPRequest.m */ = {isa = PBXFileReference; fileEncoding = 4; lastKnownFileType = sourcecode.c.objc; path = PPHTTPRequest.m; sourceTree = "<group>"; };
		762F20E0229400E4008771CB /* PPNetworkHelper.m */ = {isa = PBXFileReference; fileEncoding = 4; lastKnownFileType = sourcecode.c.objc; path = PPNetworkHelper.m; sourceTree = "<group>"; };
		762F20E1229400E4008771CB /* PPNetworkCache.h */ = {isa = PBXFileReference; fileEncoding = 4; lastKnownFileType = sourcecode.c.h; path = PPNetworkCache.h; sourceTree = "<group>"; };
		762F20E2229400E4008771CB /* PPNetworkHelper.h */ = {isa = PBXFileReference; fileEncoding = 4; lastKnownFileType = sourcecode.c.h; path = PPNetworkHelper.h; sourceTree = "<group>"; };
		762F20E3229400E4008771CB /* PPNetworkCache.m */ = {isa = PBXFileReference; fileEncoding = 4; lastKnownFileType = sourcecode.c.objc; path = PPNetworkCache.m; sourceTree = "<group>"; };
		762F20E4229400E4008771CB /* PPHTTPRequest.h */ = {isa = PBXFileReference; fileEncoding = 4; lastKnownFileType = sourcecode.c.h; path = PPHTTPRequest.h; sourceTree = "<group>"; };
		762F20E5229400E4008771CB /* PPInterfacedConst.h */ = {isa = PBXFileReference; fileEncoding = 4; lastKnownFileType = sourcecode.c.h; path = PPInterfacedConst.h; sourceTree = "<group>"; };
		762F20EA22963EA9008771CB /* TestSmsCodeViewController.h */ = {isa = PBXFileReference; lastKnownFileType = sourcecode.c.h; path = TestSmsCodeViewController.h; sourceTree = "<group>"; };
		762F20EB22963EA9008771CB /* TestSmsCodeViewController.m */ = {isa = PBXFileReference; lastKnownFileType = sourcecode.c.objc; path = TestSmsCodeViewController.m; sourceTree = "<group>"; };
		762F20F1229645F7008771CB /* KKValidationCodeView.h */ = {isa = PBXFileReference; lastKnownFileType = sourcecode.c.h; path = KKValidationCodeView.h; sourceTree = "<group>"; };
		762F20F2229645F7008771CB /* KKValidationCodeView.m */ = {isa = PBXFileReference; lastKnownFileType = sourcecode.c.objc; path = KKValidationCodeView.m; sourceTree = "<group>"; };
		762F20F4229648BE008771CB /* WelcomeViewController.h */ = {isa = PBXFileReference; lastKnownFileType = sourcecode.c.h; path = WelcomeViewController.h; sourceTree = "<group>"; };
		762F20F5229648BE008771CB /* WelcomeViewController.m */ = {isa = PBXFileReference; lastKnownFileType = sourcecode.c.objc; path = WelcomeViewController.m; sourceTree = "<group>"; };
		762F20F722964906008771CB /* PrefixHeader.pch */ = {isa = PBXFileReference; lastKnownFileType = sourcecode.c.h; path = PrefixHeader.pch; sourceTree = "<group>"; };
		762F20F922964B27008771CB /* HXSRSolution.m */ = {isa = PBXFileReference; fileEncoding = 4; lastKnownFileType = sourcecode.c.objc; path = HXSRSolution.m; sourceTree = "<group>"; };
		762F20FA22964B27008771CB /* HXSRSolution.h */ = {isa = PBXFileReference; fileEncoding = 4; lastKnownFileType = sourcecode.c.h; path = HXSRSolution.h; sourceTree = "<group>"; };
		7635B0A021B782EA00BCA8E6 /* EOCBaseClass.h */ = {isa = PBXFileReference; lastKnownFileType = sourcecode.c.h; path = EOCBaseClass.h; sourceTree = "<group>"; };
		7635B0A121B782EA00BCA8E6 /* EOCBaseClass.m */ = {isa = PBXFileReference; lastKnownFileType = sourcecode.c.objc; path = EOCBaseClass.m; sourceTree = "<group>"; };
		7635B0A321B7830800BCA8E6 /* EOCSubClass.h */ = {isa = PBXFileReference; lastKnownFileType = sourcecode.c.h; path = EOCSubClass.h; sourceTree = "<group>"; };
		7635B0A421B7830800BCA8E6 /* EOCSubClass.m */ = {isa = PBXFileReference; lastKnownFileType = sourcecode.c.objc; path = EOCSubClass.m; sourceTree = "<group>"; };
		763D03652050E13A009A53E9 /* libsqlite3.tbd */ = {isa = PBXFileReference; lastKnownFileType = "sourcecode.text-based-dylib-definition"; name = libsqlite3.tbd; path = usr/lib/libsqlite3.tbd; sourceTree = SDKROOT; };
		763E22A521101069002AEB49 /* runLoop-Bridging-Header.h */ = {isa = PBXFileReference; lastKnownFileType = sourcecode.c.h; path = "runLoop-Bridging-Header.h"; sourceTree = "<group>"; };
		764244B021EF063F009252D7 /* UIImage+Addtions.h */ = {isa = PBXFileReference; lastKnownFileType = sourcecode.c.h; path = "UIImage+Addtions.h"; sourceTree = "<group>"; };
		764244B121EF063F009252D7 /* UIImage+Addtions.m */ = {isa = PBXFileReference; lastKnownFileType = sourcecode.c.objc; path = "UIImage+Addtions.m"; sourceTree = "<group>"; };
		764771D3204EA8DC00149AC3 /* VBViewController.h */ = {isa = PBXFileReference; lastKnownFileType = sourcecode.c.h; path = VBViewController.h; sourceTree = "<group>"; };
		764771D4204EA8DC00149AC3 /* VBViewController.m */ = {isa = PBXFileReference; lastKnownFileType = sourcecode.c.objc; path = VBViewController.m; sourceTree = "<group>"; };
		764771D9204EA90600149AC3 /* VCViewController.h */ = {isa = PBXFileReference; lastKnownFileType = sourcecode.c.h; path = VCViewController.h; sourceTree = "<group>"; };
		764771DA204EA90600149AC3 /* VCViewController.m */ = {isa = PBXFileReference; lastKnownFileType = sourcecode.c.objc; path = VCViewController.m; sourceTree = "<group>"; };
		764A72D6228A65C500A6DDE4 /* BRStringPickerView.h */ = {isa = PBXFileReference; fileEncoding = 4; lastKnownFileType = sourcecode.c.h; path = BRStringPickerView.h; sourceTree = "<group>"; };
		764A72D7228A65C500A6DDE4 /* BaseView.h */ = {isa = PBXFileReference; fileEncoding = 4; lastKnownFileType = sourcecode.c.h; path = BaseView.h; sourceTree = "<group>"; };
		764A72D8228A65C500A6DDE4 /* BaseView.m */ = {isa = PBXFileReference; fileEncoding = 4; lastKnownFileType = sourcecode.c.objc; path = BaseView.m; sourceTree = "<group>"; };
		764A72D9228A65C500A6DDE4 /* BRStringPickerView.m */ = {isa = PBXFileReference; fileEncoding = 4; lastKnownFileType = sourcecode.c.objc; path = BRStringPickerView.m; sourceTree = "<group>"; };
		764A72DE228A9B1700A6DDE4 /* TestAVPlayerViewController.h */ = {isa = PBXFileReference; lastKnownFileType = sourcecode.c.h; path = TestAVPlayerViewController.h; sourceTree = "<group>"; };
		764A72DF228A9B1700A6DDE4 /* TestAVPlayerViewController.m */ = {isa = PBXFileReference; lastKnownFileType = sourcecode.c.objc; path = TestAVPlayerViewController.m; sourceTree = "<group>"; };
		764A72E2228AA0BF00A6DDE4 /* UIMacros.h */ = {isa = PBXFileReference; fileEncoding = 4; lastKnownFileType = sourcecode.c.h; path = UIMacros.h; sourceTree = "<group>"; };
		764CF60B22A4EE0E0065E7C8 /* MessageUI.framework */ = {isa = PBXFileReference; lastKnownFileType = wrapper.framework; name = MessageUI.framework; path = System/Library/Frameworks/MessageUI.framework; sourceTree = SDKROOT; };
		764DF6ED22D82D710026DB14 /* StudyGCD.h */ = {isa = PBXFileReference; lastKnownFileType = sourcecode.c.h; path = StudyGCD.h; sourceTree = "<group>"; };
		764DF6EE22D82D710026DB14 /* StudyGCD.m */ = {isa = PBXFileReference; lastKnownFileType = sourcecode.c.objc; path = StudyGCD.m; sourceTree = "<group>"; };
		765C6B542293FC5D00B95FB8 /* libsqlite3.0.tbd */ = {isa = PBXFileReference; lastKnownFileType = "sourcecode.text-based-dylib-definition"; name = libsqlite3.0.tbd; path = usr/lib/libsqlite3.0.tbd; sourceTree = SDKROOT; };
		765D9B4D206C83FD00422982 /* TestValueViewController.h */ = {isa = PBXFileReference; lastKnownFileType = sourcecode.c.h; path = TestValueViewController.h; sourceTree = "<group>"; };
		765D9B4E206C83FD00422982 /* TestValueViewController.m */ = {isa = PBXFileReference; lastKnownFileType = sourcecode.c.objc; path = TestValueViewController.m; sourceTree = "<group>"; };
		76730118229BAFB6000B9ECA /* Test01ViewController.h */ = {isa = PBXFileReference; lastKnownFileType = sourcecode.c.h; path = Test01ViewController.h; sourceTree = "<group>"; };
		76730119229BAFB6000B9ECA /* Test01ViewController.m */ = {isa = PBXFileReference; lastKnownFileType = sourcecode.c.objc; path = Test01ViewController.m; sourceTree = "<group>"; };
		7673011B229BB37C000B9ECA /* UIImage+Image.m */ = {isa = PBXFileReference; fileEncoding = 4; lastKnownFileType = sourcecode.c.objc; path = "UIImage+Image.m"; sourceTree = "<group>"; };
		7673011C229BB37C000B9ECA /* UIImage+Image.h */ = {isa = PBXFileReference; fileEncoding = 4; lastKnownFileType = sourcecode.c.h; path = "UIImage+Image.h"; sourceTree = "<group>"; };
		7673011E229BB8CE000B9ECA /* Text02ViewController.h */ = {isa = PBXFileReference; lastKnownFileType = sourcecode.c.h; path = Text02ViewController.h; sourceTree = "<group>"; };
		7673011F229BB8CE000B9ECA /* Text02ViewController.m */ = {isa = PBXFileReference; lastKnownFileType = sourcecode.c.objc; path = Text02ViewController.m; sourceTree = "<group>"; };
		76730121229BD2DB000B9ECA /* Test03ViewController.h */ = {isa = PBXFileReference; lastKnownFileType = sourcecode.c.h; path = Test03ViewController.h; sourceTree = "<group>"; };
		76730122229BD2DB000B9ECA /* Test03ViewController.m */ = {isa = PBXFileReference; lastKnownFileType = sourcecode.c.objc; path = Test03ViewController.m; sourceTree = "<group>"; };
		76730125229BEBB2000B9ECA /* HXMenuBarSlide.h */ = {isa = PBXFileReference; fileEncoding = 4; lastKnownFileType = sourcecode.c.h; path = HXMenuBarSlide.h; sourceTree = "<group>"; };
		76730126229BEBB2000B9ECA /* HXMenuBarController.m */ = {isa = PBXFileReference; fileEncoding = 4; lastKnownFileType = sourcecode.c.objc; path = HXMenuBarController.m; sourceTree = "<group>"; };
		76730127229BEBB2000B9ECA /* HXMenuBarBase.h */ = {isa = PBXFileReference; fileEncoding = 4; lastKnownFileType = sourcecode.c.h; path = HXMenuBarBase.h; sourceTree = "<group>"; };
		76730128229BEBB2000B9ECA /* HXMenuBarView.m */ = {isa = PBXFileReference; fileEncoding = 4; lastKnownFileType = sourcecode.c.objc; path = HXMenuBarView.m; sourceTree = "<group>"; };
		76730129229BEBB2000B9ECA /* HXMenuBarItem.m */ = {isa = PBXFileReference; fileEncoding = 4; lastKnownFileType = sourcecode.c.objc; path = HXMenuBarItem.m; sourceTree = "<group>"; };
		7673012A229BEBB2000B9ECA /* HXMenuBarSlide.m */ = {isa = PBXFileReference; fileEncoding = 4; lastKnownFileType = sourcecode.c.objc; path = HXMenuBarSlide.m; sourceTree = "<group>"; };
		7673012B229BEBB2000B9ECA /* HXMenuBarController.h */ = {isa = PBXFileReference; fileEncoding = 4; lastKnownFileType = sourcecode.c.h; path = HXMenuBarController.h; sourceTree = "<group>"; };
		7673012C229BEBB2000B9ECA /* HXMenuBarView.h */ = {isa = PBXFileReference; fileEncoding = 4; lastKnownFileType = sourcecode.c.h; path = HXMenuBarView.h; sourceTree = "<group>"; };
		7673012D229BEBB2000B9ECA /* HXMenuBarBase.m */ = {isa = PBXFileReference; fileEncoding = 4; lastKnownFileType = sourcecode.c.objc; path = HXMenuBarBase.m; sourceTree = "<group>"; };
		7673012E229BEBB2000B9ECA /* HXMenuBarItem.h */ = {isa = PBXFileReference; fileEncoding = 4; lastKnownFileType = sourcecode.c.h; path = HXMenuBarItem.h; sourceTree = "<group>"; };
		7673013B229CDA49000B9ECA /* TestCustomMenuBar.h */ = {isa = PBXFileReference; lastKnownFileType = sourcecode.c.h; path = TestCustomMenuBar.h; sourceTree = "<group>"; };
		7673013C229CDA49000B9ECA /* TestCustomMenuBar.m */ = {isa = PBXFileReference; lastKnownFileType = sourcecode.c.objc; path = TestCustomMenuBar.m; sourceTree = "<group>"; };
		7673013E229CE5CF000B9ECA /* TestSegViewController.h */ = {isa = PBXFileReference; lastKnownFileType = sourcecode.c.h; path = TestSegViewController.h; sourceTree = "<group>"; };
		7673013F229CE5CF000B9ECA /* TestSegViewController.m */ = {isa = PBXFileReference; lastKnownFileType = sourcecode.c.objc; path = TestSegViewController.m; sourceTree = "<group>"; };
		76730141229CF7B5000B9ECA /* HomrProductMenuBarItem.h */ = {isa = PBXFileReference; lastKnownFileType = sourcecode.c.h; path = HomrProductMenuBarItem.h; sourceTree = "<group>"; };
		76730142229CF7B5000B9ECA /* HomrProductMenuBarItem.m */ = {isa = PBXFileReference; lastKnownFileType = sourcecode.c.objc; path = HomrProductMenuBarItem.m; sourceTree = "<group>"; };
		7674385622B9D1DF005D2960 /* TestLoginViewController.h */ = {isa = PBXFileReference; lastKnownFileType = sourcecode.c.h; path = TestLoginViewController.h; sourceTree = "<group>"; };
		7674385722B9D1DF005D2960 /* TestLoginViewController.m */ = {isa = PBXFileReference; lastKnownFileType = sourcecode.c.objc; path = TestLoginViewController.m; sourceTree = "<group>"; };
		7674385922B9D374005D2960 /* AccountManager.h */ = {isa = PBXFileReference; fileEncoding = 4; lastKnownFileType = sourcecode.c.h; path = AccountManager.h; sourceTree = "<group>"; };
		7674385A22B9D375005D2960 /* AccountManager.m */ = {isa = PBXFileReference; fileEncoding = 4; lastKnownFileType = sourcecode.c.objc; path = AccountManager.m; sourceTree = "<group>"; };
		7677378A20215B42002B75DD /* Person+RunPerson.h */ = {isa = PBXFileReference; lastKnownFileType = sourcecode.c.h; path = "Person+RunPerson.h"; sourceTree = "<group>"; };
		7677378B20215B42002B75DD /* Person+RunPerson.m */ = {isa = PBXFileReference; lastKnownFileType = sourcecode.c.objc; path = "Person+RunPerson.m"; sourceTree = "<group>"; };
		7677378D20232541002B75DD /* LYPerson.h */ = {isa = PBXFileReference; lastKnownFileType = sourcecode.c.h; path = LYPerson.h; sourceTree = "<group>"; };
		7677378E20232541002B75DD /* LYPerson.m */ = {isa = PBXFileReference; lastKnownFileType = sourcecode.c.objc; path = LYPerson.m; sourceTree = "<group>"; };
		768EF803219BC2E4006C3197 /* SingleInstanceObject.h */ = {isa = PBXFileReference; lastKnownFileType = sourcecode.c.h; path = SingleInstanceObject.h; sourceTree = "<group>"; };
		768EF804219BC2E4006C3197 /* SingleInstanceObject.m */ = {isa = PBXFileReference; lastKnownFileType = sourcecode.c.objc; path = SingleInstanceObject.m; sourceTree = "<group>"; };
		769D78B120CE6E8800E69BE2 /* TestCategaryBaseClass.h */ = {isa = PBXFileReference; lastKnownFileType = sourcecode.c.h; path = TestCategaryBaseClass.h; sourceTree = "<group>"; };
		769D78B220CE6E8800E69BE2 /* TestCategaryBaseClass.m */ = {isa = PBXFileReference; lastKnownFileType = sourcecode.c.objc; path = TestCategaryBaseClass.m; sourceTree = "<group>"; };
		769D78B420CE700600E69BE2 /* TestCategaryBaseClass+MyCategary.h */ = {isa = PBXFileReference; lastKnownFileType = sourcecode.c.h; path = "TestCategaryBaseClass+MyCategary.h"; sourceTree = "<group>"; };
		769D78B520CE700600E69BE2 /* TestCategaryBaseClass+MyCategary.m */ = {isa = PBXFileReference; lastKnownFileType = sourcecode.c.objc; path = "TestCategaryBaseClass+MyCategary.m"; sourceTree = "<group>"; };
		76B493582004AFAD00BF0EED /* Person.h */ = {isa = PBXFileReference; lastKnownFileType = sourcecode.c.h; path = Person.h; sourceTree = "<group>"; };
		76B493592004AFAD00BF0EED /* Person.m */ = {isa = PBXFileReference; lastKnownFileType = sourcecode.c.objc; path = Person.m; sourceTree = "<group>"; };
		76DC84332010441700E7963E /* testFile.txt */ = {isa = PBXFileReference; lastKnownFileType = text; path = testFile.txt; sourceTree = "<group>"; };
		76DC8435201044FB00E7963E /* testFile02 */ = {isa = PBXFileReference; lastKnownFileType = text; path = testFile02; sourceTree = "<group>"; };
		76DC843720108B7100E7963E /* testXML.plist */ = {isa = PBXFileReference; lastKnownFileType = text.plist.xml; path = testXML.plist; sourceTree = "<group>"; };
		76DC8439201187CC00E7963E /* AssetManager.h */ = {isa = PBXFileReference; lastKnownFileType = sourcecode.c.h; path = AssetManager.h; sourceTree = "<group>"; };
		76DC843A201187CC00E7963E /* AssetManager.m */ = {isa = PBXFileReference; lastKnownFileType = sourcecode.c.objc; path = AssetManager.m; sourceTree = "<group>"; };
		76E8FA5F21BE70750092B4A7 /* EOCNetworkFetcher.h */ = {isa = PBXFileReference; lastKnownFileType = sourcecode.c.h; path = EOCNetworkFetcher.h; sourceTree = "<group>"; };
		76E8FA6021BE70750092B4A7 /* EOCNetworkFetcher.m */ = {isa = PBXFileReference; lastKnownFileType = sourcecode.c.objc; path = EOCNetworkFetcher.m; sourceTree = "<group>"; };
		76EB6B8E2074B0FB00DD9D86 /* index.html */ = {isa = PBXFileReference; lastKnownFileType = text.html; path = index.html; sourceTree = "<group>"; };
		76FC084E2268519500A7BE38 /* TestModelWithKVC.h */ = {isa = PBXFileReference; lastKnownFileType = sourcecode.c.h; path = TestModelWithKVC.h; sourceTree = "<group>"; };
		76FC084F2268519500A7BE38 /* TestModelWithKVC.m */ = {isa = PBXFileReference; lastKnownFileType = sourcecode.c.objc; path = TestModelWithKVC.m; sourceTree = "<group>"; };
		76FE35FC20285D1000369EDF /* Dog.h */ = {isa = PBXFileReference; lastKnownFileType = sourcecode.c.h; path = Dog.h; sourceTree = "<group>"; };
		76FE35FD20285D1000369EDF /* Dog.m */ = {isa = PBXFileReference; lastKnownFileType = sourcecode.c.objc; path = Dog.m; sourceTree = "<group>"; };
		76FE3601202C21B000369EDF /* SecondViewController.h */ = {isa = PBXFileReference; lastKnownFileType = sourcecode.c.h; path = SecondViewController.h; sourceTree = "<group>"; };
		76FE3602202C21B000369EDF /* SecondViewController.m */ = {isa = PBXFileReference; lastKnownFileType = sourcecode.c.objc; path = SecondViewController.m; sourceTree = "<group>"; };
		9FD0E3E40E0420B7DBF69E17 /* Pods-runLoop.release.xcconfig */ = {isa = PBXFileReference; includeInIndex = 1; lastKnownFileType = text.xcconfig; name = "Pods-runLoop.release.xcconfig"; path = "Pods/Target Support Files/Pods-runLoop/Pods-runLoop.release.xcconfig"; sourceTree = "<group>"; };
		E15A767FDF5F62B8913D17C2 /* Pods-runLoop.debug.xcconfig */ = {isa = PBXFileReference; includeInIndex = 1; lastKnownFileType = text.xcconfig; name = "Pods-runLoop.debug.xcconfig"; path = "Pods/Target Support Files/Pods-runLoop/Pods-runLoop.debug.xcconfig"; sourceTree = "<group>"; };
		EAC2B7E31EF9166500AC8029 /* runLoop.app */ = {isa = PBXFileReference; explicitFileType = wrapper.application; includeInIndex = 0; path = runLoop.app; sourceTree = BUILT_PRODUCTS_DIR; };
		EAC2B7E71EF9166500AC8029 /* main.m */ = {isa = PBXFileReference; lastKnownFileType = sourcecode.c.objc; path = main.m; sourceTree = "<group>"; };
		EAC2B7E91EF9166500AC8029 /* AppDelegate.h */ = {isa = PBXFileReference; lastKnownFileType = sourcecode.c.h; path = AppDelegate.h; sourceTree = "<group>"; };
		EAC2B7EA1EF9166500AC8029 /* AppDelegate.m */ = {isa = PBXFileReference; lastKnownFileType = sourcecode.c.objc; path = AppDelegate.m; sourceTree = "<group>"; };
		EAC2B7EC1EF9166500AC8029 /* ViewController.h */ = {isa = PBXFileReference; lastKnownFileType = sourcecode.c.h; path = ViewController.h; sourceTree = "<group>"; };
		EAC2B7ED1EF9166500AC8029 /* ViewController.m */ = {isa = PBXFileReference; lastKnownFileType = sourcecode.c.objc; path = ViewController.m; sourceTree = "<group>"; };
		EAC2B7F01EF9166500AC8029 /* Base */ = {isa = PBXFileReference; lastKnownFileType = file.storyboard; name = Base; path = Base.lproj/Main.storyboard; sourceTree = "<group>"; };
		EAC2B7F21EF9166500AC8029 /* Assets.xcassets */ = {isa = PBXFileReference; lastKnownFileType = folder.assetcatalog; path = Assets.xcassets; sourceTree = "<group>"; };
		EAC2B7F51EF9166500AC8029 /* Base */ = {isa = PBXFileReference; lastKnownFileType = file.storyboard; name = Base; path = Base.lproj/LaunchScreen.storyboard; sourceTree = "<group>"; };
		EAC2B7F71EF9166500AC8029 /* Info.plist */ = {isa = PBXFileReference; lastKnownFileType = text.plist.xml; path = Info.plist; sourceTree = "<group>"; };
		EAC2B7FC1EF9166500AC8029 /* runLoopTests.xctest */ = {isa = PBXFileReference; explicitFileType = wrapper.cfbundle; includeInIndex = 0; path = runLoopTests.xctest; sourceTree = BUILT_PRODUCTS_DIR; };
		EAC2B8001EF9166500AC8029 /* runLoopTests.m */ = {isa = PBXFileReference; lastKnownFileType = sourcecode.c.objc; path = runLoopTests.m; sourceTree = "<group>"; };
		EAC2B8021EF9166500AC8029 /* Info.plist */ = {isa = PBXFileReference; lastKnownFileType = text.plist.xml; path = Info.plist; sourceTree = "<group>"; };
		EAC2B8071EF9166500AC8029 /* runLoopUITests.xctest */ = {isa = PBXFileReference; explicitFileType = wrapper.cfbundle; includeInIndex = 0; path = runLoopUITests.xctest; sourceTree = BUILT_PRODUCTS_DIR; };
		EAC2B80B1EF9166500AC8029 /* runLoopUITests.m */ = {isa = PBXFileReference; lastKnownFileType = sourcecode.c.objc; path = runLoopUITests.m; sourceTree = "<group>"; };
		EAC2B80D1EF9166500AC8029 /* Info.plist */ = {isa = PBXFileReference; lastKnownFileType = text.plist.xml; path = Info.plist; sourceTree = "<group>"; };
/* End PBXFileReference section */

/* Begin PBXFrameworksBuildPhase section */
		EAC2B7E01EF9166500AC8029 /* Frameworks */ = {
			isa = PBXFrameworksBuildPhase;
			buildActionMask = 2147483647;
			files = (
				764CF60C22A4EE0E0065E7C8 /* MessageUI.framework in Frameworks */,
				3842FCBC810AA43EA43580FB /* libPods-runLoop.a in Frameworks */,
			);
			runOnlyForDeploymentPostprocessing = 0;
		};
		EAC2B7F91EF9166500AC8029 /* Frameworks */ = {
			isa = PBXFrameworksBuildPhase;
			buildActionMask = 2147483647;
			files = (
			);
			runOnlyForDeploymentPostprocessing = 0;
		};
		EAC2B8041EF9166500AC8029 /* Frameworks */ = {
			isa = PBXFrameworksBuildPhase;
			buildActionMask = 2147483647;
			files = (
			);
			runOnlyForDeploymentPostprocessing = 0;
		};
/* End PBXFrameworksBuildPhase section */

/* Begin PBXGroup section */
		5E07244BF25944062287868D /* Pods */ = {
			isa = PBXGroup;
			children = (
				E15A767FDF5F62B8913D17C2 /* Pods-runLoop.debug.xcconfig */,
				9FD0E3E40E0420B7DBF69E17 /* Pods-runLoop.release.xcconfig */,
			);
			name = Pods;
			sourceTree = "<group>";
		};
		762F20DC229400E4008771CB /* HttpService */ = {
			isa = PBXGroup;
			children = (
				762F20E5229400E4008771CB /* PPInterfacedConst.h */,
				762F20DD229400E4008771CB /* PPInterfacedConst.m */,
				762F20E4229400E4008771CB /* PPHTTPRequest.h */,
				762F20DE229400E4008771CB /* PPHTTPRequest.m */,
				762F20DF229400E4008771CB /* PPNetworkHelper */,
			);
			path = HttpService;
			sourceTree = "<group>";
		};
		762F20DF229400E4008771CB /* PPNetworkHelper */ = {
			isa = PBXGroup;
			children = (
				762F20E2229400E4008771CB /* PPNetworkHelper.h */,
				762F20E0229400E4008771CB /* PPNetworkHelper.m */,
				762F20E1229400E4008771CB /* PPNetworkCache.h */,
				762F20E3229400E4008771CB /* PPNetworkCache.m */,
			);
			path = PPNetworkHelper;
			sourceTree = "<group>";
		};
		762F20ED22963ED1008771CB /* UAV */ = {
			isa = PBXGroup;
			children = (
				762F20EA22963EA9008771CB /* TestSmsCodeViewController.h */,
				762F20EB22963EA9008771CB /* TestSmsCodeViewController.m */,
				762F20F1229645F7008771CB /* KKValidationCodeView.h */,
				762F20F2229645F7008771CB /* KKValidationCodeView.m */,
				762F20F4229648BE008771CB /* WelcomeViewController.h */,
				762F20F5229648BE008771CB /* WelcomeViewController.m */,
				76730118229BAFB6000B9ECA /* Test01ViewController.h */,
				76730119229BAFB6000B9ECA /* Test01ViewController.m */,
				7673011E229BB8CE000B9ECA /* Text02ViewController.h */,
				7673011F229BB8CE000B9ECA /* Text02ViewController.m */,
				76730121229BD2DB000B9ECA /* Test03ViewController.h */,
				76730122229BD2DB000B9ECA /* Test03ViewController.m */,
			);
			path = UAV;
			sourceTree = "<group>";
		};
		762F20F822964B27008771CB /* HXSRSolution */ = {
			isa = PBXGroup;
			children = (
				762F20F922964B27008771CB /* HXSRSolution.m */,
				762F20FA22964B27008771CB /* HXSRSolution.h */,
			);
			path = HXSRSolution;
			sourceTree = "<group>";
		};
		7635B09F21B782B200BCA8E6 /* 52method */ = {
			isa = PBXGroup;
			children = (
				7635B0A021B782EA00BCA8E6 /* EOCBaseClass.h */,
				7635B0A121B782EA00BCA8E6 /* EOCBaseClass.m */,
				7635B0A321B7830800BCA8E6 /* EOCSubClass.h */,
				7635B0A421B7830800BCA8E6 /* EOCSubClass.m */,
				76E8FA5F21BE70750092B4A7 /* EOCNetworkFetcher.h */,
				76E8FA6021BE70750092B4A7 /* EOCNetworkFetcher.m */,
			);
			name = 52method;
			sourceTree = "<group>";
		};
		763D03642050E13A009A53E9 /* Frameworks */ = {
			isa = PBXGroup;
			children = (
				764CF60B22A4EE0E0065E7C8 /* MessageUI.framework */,
				765C6B542293FC5D00B95FB8 /* libsqlite3.0.tbd */,
				763D03652050E13A009A53E9 /* libsqlite3.tbd */,
				3D67C8C87261CE971CDBB82D /* libPods-runLoop.a */,
			);
			name = Frameworks;
			sourceTree = "<group>";
		};
		764244AC21EF05E0009252D7 /* Component */ = {
			isa = PBXGroup;
			children = (
				764244B021EF063F009252D7 /* UIImage+Addtions.h */,
				764244B121EF063F009252D7 /* UIImage+Addtions.m */,
			);
			name = Component;
			sourceTree = "<group>";
		};
		764A72D5228A655800A6DDE4 /* CustomPickerView */ = {
			isa = PBXGroup;
			children = (
				764A72D7228A65C500A6DDE4 /* BaseView.h */,
				764A72D8228A65C500A6DDE4 /* BaseView.m */,
				764A72D6228A65C500A6DDE4 /* BRStringPickerView.h */,
				764A72D9228A65C500A6DDE4 /* BRStringPickerView.m */,
			);
			path = CustomPickerView;
			sourceTree = "<group>";
		};
		764A72DC228A9A4800A6DDE4 /* KnowledgePoint */ = {
			isa = PBXGroup;
			children = (
				768EF803219BC2E4006C3197 /* SingleInstanceObject.h */,
				768EF804219BC2E4006C3197 /* SingleInstanceObject.m */,
				76B493582004AFAD00BF0EED /* Person.h */,
				76B493592004AFAD00BF0EED /* Person.m */,
				7607109C2009AB0A0068B442 /* Student.h */,
				7607109D2009AB0A0068B442 /* Student.m */,
				76DC84332010441700E7963E /* testFile.txt */,
				76DC8435201044FB00E7963E /* testFile02 */,
				76DC8439201187CC00E7963E /* AssetManager.h */,
				76DC843A201187CC00E7963E /* AssetManager.m */,
				7677378A20215B42002B75DD /* Person+RunPerson.h */,
				7677378B20215B42002B75DD /* Person+RunPerson.m */,
				7677378D20232541002B75DD /* LYPerson.h */,
				7677378E20232541002B75DD /* LYPerson.m */,
				76FE35FC20285D1000369EDF /* Dog.h */,
				76FE35FD20285D1000369EDF /* Dog.m */,
				76FE3601202C21B000369EDF /* SecondViewController.h */,
				76FE3602202C21B000369EDF /* SecondViewController.m */,
				764771D3204EA8DC00149AC3 /* VBViewController.h */,
				764771D4204EA8DC00149AC3 /* VBViewController.m */,
				764771D9204EA90600149AC3 /* VCViewController.h */,
				764771DA204EA90600149AC3 /* VCViewController.m */,
				765D9B4D206C83FD00422982 /* TestValueViewController.h */,
				765D9B4E206C83FD00422982 /* TestValueViewController.m */,
				76EB6B8E2074B0FB00DD9D86 /* index.html */,
				769D78B120CE6E8800E69BE2 /* TestCategaryBaseClass.h */,
				769D78B220CE6E8800E69BE2 /* TestCategaryBaseClass.m */,
				769D78B420CE700600E69BE2 /* TestCategaryBaseClass+MyCategary.h */,
				769D78B520CE700600E69BE2 /* TestCategaryBaseClass+MyCategary.m */,
				763E22A521101069002AEB49 /* runLoop-Bridging-Header.h */,
				76FC084E2268519500A7BE38 /* TestModelWithKVC.h */,
				76FC084F2268519500A7BE38 /* TestModelWithKVC.m */,
			);
			path = KnowledgePoint;
			sourceTree = "<group>";
		};
		764A72DD228A9AF200A6DDE4 /* AVPlayer */ = {
			isa = PBXGroup;
			children = (
				764A72DE228A9B1700A6DDE4 /* TestAVPlayerViewController.h */,
				764A72DF228A9B1700A6DDE4 /* TestAVPlayerViewController.m */,
			);
			path = AVPlayer;
			sourceTree = "<group>";
		};
		764A72E1228AA06A00A6DDE4 /* Tools */ = {
			isa = PBXGroup;
			children = (
				7674385922B9D374005D2960 /* AccountManager.h */,
				7674385A22B9D375005D2960 /* AccountManager.m */,
				76730124229BEBB2000B9ECA /* HXMenuBar */,
				7673011C229BB37C000B9ECA /* UIImage+Image.h */,
				7673011B229BB37C000B9ECA /* UIImage+Image.m */,
				762F20F822964B27008771CB /* HXSRSolution */,
				764A72E2228AA0BF00A6DDE4 /* UIMacros.h */,
			);
			path = Tools;
			sourceTree = "<group>";
		};
		764DF6EC22D82D4D0026DB14 /* Study */ = {
			isa = PBXGroup;
			children = (
				764DF6ED22D82D710026DB14 /* StudyGCD.h */,
				764DF6EE22D82D710026DB14 /* StudyGCD.m */,
			);
			path = Study;
			sourceTree = "<group>";
		};
		76730124229BEBB2000B9ECA /* HXMenuBar */ = {
			isa = PBXGroup;
			children = (
				76730125229BEBB2000B9ECA /* HXMenuBarSlide.h */,
				7673012A229BEBB2000B9ECA /* HXMenuBarSlide.m */,
				7673012B229BEBB2000B9ECA /* HXMenuBarController.h */,
				76730126229BEBB2000B9ECA /* HXMenuBarController.m */,
				76730127229BEBB2000B9ECA /* HXMenuBarBase.h */,
				7673012D229BEBB2000B9ECA /* HXMenuBarBase.m */,
				7673012C229BEBB2000B9ECA /* HXMenuBarView.h */,
				76730128229BEBB2000B9ECA /* HXMenuBarView.m */,
				7673012E229BEBB2000B9ECA /* HXMenuBarItem.h */,
				76730129229BEBB2000B9ECA /* HXMenuBarItem.m */,
			);
			path = HXMenuBar;
			sourceTree = "<group>";
		};
		76730134229CD27A000B9ECA /* TestSeg */ = {
			isa = PBXGroup;
			children = (
				7673013B229CDA49000B9ECA /* TestCustomMenuBar.h */,
				7673013C229CDA49000B9ECA /* TestCustomMenuBar.m */,
				7673013E229CE5CF000B9ECA /* TestSegViewController.h */,
				7673013F229CE5CF000B9ECA /* TestSegViewController.m */,
				76730141229CF7B5000B9ECA /* HomrProductMenuBarItem.h */,
				76730142229CF7B5000B9ECA /* HomrProductMenuBarItem.m */,
			);
			path = TestSeg;
			sourceTree = "<group>";
		};
		EAC2B7DA1EF9166400AC8029 = {
			isa = PBXGroup;
			children = (
				EAC2B7E51EF9166500AC8029 /* runLoop */,
				EAC2B7FF1EF9166500AC8029 /* runLoopTests */,
				EAC2B80A1EF9166500AC8029 /* runLoopUITests */,
				EAC2B7E41EF9166500AC8029 /* Products */,
				763D03642050E13A009A53E9 /* Frameworks */,
				5E07244BF25944062287868D /* Pods */,
			);
			sourceTree = "<group>";
		};
		EAC2B7E41EF9166500AC8029 /* Products */ = {
			isa = PBXGroup;
			children = (
				EAC2B7E31EF9166500AC8029 /* runLoop.app */,
				EAC2B7FC1EF9166500AC8029 /* runLoopTests.xctest */,
				EAC2B8071EF9166500AC8029 /* runLoopUITests.xctest */,
			);
			name = Products;
			sourceTree = "<group>";
		};
		EAC2B7E51EF9166500AC8029 /* runLoop */ = {
			isa = PBXGroup;
			children = (
				764DF6EC22D82D4D0026DB14 /* Study */,
				76730134229CD27A000B9ECA /* TestSeg */,
				762F20ED22963ED1008771CB /* UAV */,
				762F20DC229400E4008771CB /* HttpService */,
				764A72E1228AA06A00A6DDE4 /* Tools */,
				764A72DD228A9AF200A6DDE4 /* AVPlayer */,
				764A72DC228A9A4800A6DDE4 /* KnowledgePoint */,
				764A72D5228A655800A6DDE4 /* CustomPickerView */,
				764244AC21EF05E0009252D7 /* Component */,
				7635B09F21B782B200BCA8E6 /* 52method */,
				EAC2B7E91EF9166500AC8029 /* AppDelegate.h */,
				EAC2B7EA1EF9166500AC8029 /* AppDelegate.m */,
				EAC2B7EC1EF9166500AC8029 /* ViewController.h */,
				EAC2B7ED1EF9166500AC8029 /* ViewController.m */,
				EAC2B7EF1EF9166500AC8029 /* Main.storyboard */,
				EAC2B7F21EF9166500AC8029 /* Assets.xcassets */,
				EAC2B7F41EF9166500AC8029 /* LaunchScreen.storyboard */,
				EAC2B7F71EF9166500AC8029 /* Info.plist */,
				76DC843720108B7100E7963E /* testXML.plist */,
				EAC2B7E61EF9166500AC8029 /* Supporting Files */,
				762F20F722964906008771CB /* PrefixHeader.pch */,
				7674385622B9D1DF005D2960 /* TestLoginViewController.h */,
				7674385722B9D1DF005D2960 /* TestLoginViewController.m */,
			);
			path = runLoop;
			sourceTree = "<group>";
		};
		EAC2B7E61EF9166500AC8029 /* Supporting Files */ = {
			isa = PBXGroup;
			children = (
				EAC2B7E71EF9166500AC8029 /* main.m */,
			);
			name = "Supporting Files";
			sourceTree = "<group>";
		};
		EAC2B7FF1EF9166500AC8029 /* runLoopTests */ = {
			isa = PBXGroup;
			children = (
				EAC2B8001EF9166500AC8029 /* runLoopTests.m */,
				EAC2B8021EF9166500AC8029 /* Info.plist */,
			);
			path = runLoopTests;
			sourceTree = "<group>";
		};
		EAC2B80A1EF9166500AC8029 /* runLoopUITests */ = {
			isa = PBXGroup;
			children = (
				EAC2B80B1EF9166500AC8029 /* runLoopUITests.m */,
				EAC2B80D1EF9166500AC8029 /* Info.plist */,
			);
			path = runLoopUITests;
			sourceTree = "<group>";
		};
/* End PBXGroup section */

/* Begin PBXNativeTarget section */
		EAC2B7E21EF9166500AC8029 /* runLoop */ = {
			isa = PBXNativeTarget;
			buildConfigurationList = EAC2B8101EF9166500AC8029 /* Build configuration list for PBXNativeTarget "runLoop" */;
			buildPhases = (
				EFBC3A80C8F87CA594B3CE9F /* [CP] Check Pods Manifest.lock */,
				EAC2B7DF1EF9166500AC8029 /* Sources */,
				EAC2B7E01EF9166500AC8029 /* Frameworks */,
				EAC2B7E11EF9166500AC8029 /* Resources */,
				FF614356E1B51A4A6C43B8FC /* [CP] Copy Pods Resources */,
			);
			buildRules = (
			);
			dependencies = (
			);
			name = runLoop;
			productName = runLoop;
			productReference = EAC2B7E31EF9166500AC8029 /* runLoop.app */;
			productType = "com.apple.product-type.application";
		};
		EAC2B7FB1EF9166500AC8029 /* runLoopTests */ = {
			isa = PBXNativeTarget;
			buildConfigurationList = EAC2B8131EF9166500AC8029 /* Build configuration list for PBXNativeTarget "runLoopTests" */;
			buildPhases = (
				EAC2B7F81EF9166500AC8029 /* Sources */,
				EAC2B7F91EF9166500AC8029 /* Frameworks */,
				EAC2B7FA1EF9166500AC8029 /* Resources */,
			);
			buildRules = (
			);
			dependencies = (
				EAC2B7FE1EF9166500AC8029 /* PBXTargetDependency */,
			);
			name = runLoopTests;
			productName = runLoopTests;
			productReference = EAC2B7FC1EF9166500AC8029 /* runLoopTests.xctest */;
			productType = "com.apple.product-type.bundle.unit-test";
		};
		EAC2B8061EF9166500AC8029 /* runLoopUITests */ = {
			isa = PBXNativeTarget;
			buildConfigurationList = EAC2B8161EF9166500AC8029 /* Build configuration list for PBXNativeTarget "runLoopUITests" */;
			buildPhases = (
				EAC2B8031EF9166500AC8029 /* Sources */,
				EAC2B8041EF9166500AC8029 /* Frameworks */,
				EAC2B8051EF9166500AC8029 /* Resources */,
			);
			buildRules = (
			);
			dependencies = (
				EAC2B8091EF9166500AC8029 /* PBXTargetDependency */,
			);
			name = runLoopUITests;
			productName = runLoopUITests;
			productReference = EAC2B8071EF9166500AC8029 /* runLoopUITests.xctest */;
			productType = "com.apple.product-type.bundle.ui-testing";
		};
/* End PBXNativeTarget section */

/* Begin PBXProject section */
		EAC2B7DB1EF9166500AC8029 /* Project object */ = {
			isa = PBXProject;
			attributes = {
				LastUpgradeCheck = 0830;
				ORGANIZATIONNAME = CFS;
				TargetAttributes = {
					EAC2B7E21EF9166500AC8029 = {
						CreatedOnToolsVersion = 8.3.3;
						DevelopmentTeam = F5TDEPFG3H;
						LastSwiftMigration = 0940;
						ProvisioningStyle = Automatic;
					};
					EAC2B7FB1EF9166500AC8029 = {
						CreatedOnToolsVersion = 8.3.3;
						DevelopmentTeam = C3GN2GN53G;
						ProvisioningStyle = Automatic;
						TestTargetID = EAC2B7E21EF9166500AC8029;
					};
					EAC2B8061EF9166500AC8029 = {
						CreatedOnToolsVersion = 8.3.3;
						DevelopmentTeam = C3GN2GN53G;
						ProvisioningStyle = Automatic;
						TestTargetID = EAC2B7E21EF9166500AC8029;
					};
				};
			};
			buildConfigurationList = EAC2B7DE1EF9166500AC8029 /* Build configuration list for PBXProject "runLoop" */;
			compatibilityVersion = "Xcode 3.2";
			developmentRegion = English;
			hasScannedForEncodings = 0;
			knownRegions = (
				English,
				en,
				Base,
			);
			mainGroup = EAC2B7DA1EF9166400AC8029;
			productRefGroup = EAC2B7E41EF9166500AC8029 /* Products */;
			projectDirPath = "";
			projectRoot = "";
			targets = (
				EAC2B7E21EF9166500AC8029 /* runLoop */,
				EAC2B7FB1EF9166500AC8029 /* runLoopTests */,
				EAC2B8061EF9166500AC8029 /* runLoopUITests */,
			);
		};
/* End PBXProject section */

/* Begin PBXResourcesBuildPhase section */
		EAC2B7E11EF9166500AC8029 /* Resources */ = {
			isa = PBXResourcesBuildPhase;
			buildActionMask = 2147483647;
			files = (
				76EB6B8F2074B0FB00DD9D86 /* index.html in Resources */,
				EAC2B7F61EF9166500AC8029 /* LaunchScreen.storyboard in Resources */,
				EAC2B7F31EF9166500AC8029 /* Assets.xcassets in Resources */,
				76DC84342010441700E7963E /* testFile.txt in Resources */,
				76DC8436201044FB00E7963E /* testFile02 in Resources */,
				76DC843820108B7100E7963E /* testXML.plist in Resources */,
				EAC2B7F11EF9166500AC8029 /* Main.storyboard in Resources */,
			);
			runOnlyForDeploymentPostprocessing = 0;
		};
		EAC2B7FA1EF9166500AC8029 /* Resources */ = {
			isa = PBXResourcesBuildPhase;
			buildActionMask = 2147483647;
			files = (
			);
			runOnlyForDeploymentPostprocessing = 0;
		};
		EAC2B8051EF9166500AC8029 /* Resources */ = {
			isa = PBXResourcesBuildPhase;
			buildActionMask = 2147483647;
			files = (
			);
			runOnlyForDeploymentPostprocessing = 0;
		};
/* End PBXResourcesBuildPhase section */

/* Begin PBXShellScriptBuildPhase section */
		EFBC3A80C8F87CA594B3CE9F /* [CP] Check Pods Manifest.lock */ = {
			isa = PBXShellScriptBuildPhase;
			buildActionMask = 2147483647;
			files = (
			);
			inputPaths = (
				"${PODS_PODFILE_DIR_PATH}/Podfile.lock",
				"${PODS_ROOT}/Manifest.lock",
			);
			name = "[CP] Check Pods Manifest.lock";
			outputPaths = (
				"$(DERIVED_FILE_DIR)/Pods-runLoop-checkManifestLockResult.txt",
			);
			runOnlyForDeploymentPostprocessing = 0;
			shellPath = /bin/sh;
			shellScript = "diff \"${PODS_PODFILE_DIR_PATH}/Podfile.lock\" \"${PODS_ROOT}/Manifest.lock\" > /dev/null\nif [ $? != 0 ] ; then\n    # print error to STDERR\n    echo \"error: The sandbox is not in sync with the Podfile.lock. Run 'pod install' or update your CocoaPods installation.\" >&2\n    exit 1\nfi\n# This output is used by Xcode 'outputs' to avoid re-running this script phase.\necho \"SUCCESS\" > \"${SCRIPT_OUTPUT_FILE_0}\"\n";
			showEnvVarsInLog = 0;
		};
		FF614356E1B51A4A6C43B8FC /* [CP] Copy Pods Resources */ = {
			isa = PBXShellScriptBuildPhase;
			buildActionMask = 2147483647;
			files = (
			);
			inputPaths = (
				"${PODS_ROOT}/Target Support Files/Pods-runLoop/Pods-runLoop-resources.sh",
				"${PODS_CONFIGURATION_BUILD_DIR}/FFToast/FFToast.bundle",
			);
			name = "[CP] Copy Pods Resources";
			outputPaths = (
				"${TARGET_BUILD_DIR}/${UNLOCALIZED_RESOURCES_FOLDER_PATH}/FFToast.bundle",
			);
			runOnlyForDeploymentPostprocessing = 0;
			shellPath = /bin/sh;
			shellScript = "\"${PODS_ROOT}/Target Support Files/Pods-runLoop/Pods-runLoop-resources.sh\"\n";
			showEnvVarsInLog = 0;
		};
/* End PBXShellScriptBuildPhase section */

/* Begin PBXSourcesBuildPhase section */
		EAC2B7DF1EF9166500AC8029 /* Sources */ = {
			isa = PBXSourcesBuildPhase;
			buildActionMask = 2147483647;
			files = (
				76FC08502268519500A7BE38 /* TestModelWithKVC.m in Sources */,
				76730130229BEBB2000B9ECA /* HXMenuBarView.m in Sources */,
				EAC2B7EE1EF9166500AC8029 /* ViewController.m in Sources */,
				764A72E0228A9B1700A6DDE4 /* TestAVPlayerViewController.m in Sources */,
				76FE35FE20285D1000369EDF /* Dog.m in Sources */,
				7635B0A521B7830800BCA8E6 /* EOCSubClass.m in Sources */,
				768EF805219BC2E4006C3197 /* SingleInstanceObject.m in Sources */,
				76E8FA6121BE70750092B4A7 /* EOCNetworkFetcher.m in Sources */,
				764DF6EF22D82D710026DB14 /* StudyGCD.m in Sources */,
				764A72DB228A65C500A6DDE4 /* BRStringPickerView.m in Sources */,
				7674385B22B9D375005D2960 /* AccountManager.m in Sources */,
				762F20F3229645F7008771CB /* KKValidationCodeView.m in Sources */,
				764771DB204EA90600149AC3 /* VCViewController.m in Sources */,
				762F20EC22963EA9008771CB /* TestSmsCodeViewController.m in Sources */,
				76730123229BD2DB000B9ECA /* Test03ViewController.m in Sources */,
				762F20FB22964B28008771CB /* HXSRSolution.m in Sources */,
				769D78B320CE6E8800E69BE2 /* TestCategaryBaseClass.m in Sources */,
				76730140229CE5CF000B9ECA /* TestSegViewController.m in Sources */,
				762F20F6229648BE008771CB /* WelcomeViewController.m in Sources */,
				7635B0A221B782EA00BCA8E6 /* EOCBaseClass.m in Sources */,
				7673013D229CDA49000B9ECA /* TestCustomMenuBar.m in Sources */,
				765D9B4F206C83FD00422982 /* TestValueViewController.m in Sources */,
				7677378F20232541002B75DD /* LYPerson.m in Sources */,
				762F20E9229400E4008771CB /* PPNetworkCache.m in Sources */,
				764A72DA228A65C500A6DDE4 /* BaseView.m in Sources */,
				764771D5204EA8DC00149AC3 /* VBViewController.m in Sources */,
				762F20E6229400E4008771CB /* PPInterfacedConst.m in Sources */,
				EAC2B7EB1EF9166500AC8029 /* AppDelegate.m in Sources */,
				7677378C20215B42002B75DD /* Person+RunPerson.m in Sources */,
				76DC843B201187CC00E7963E /* AssetManager.m in Sources */,
				762F20E7229400E4008771CB /* PPHTTPRequest.m in Sources */,
				76730120229BB8CE000B9ECA /* Text02ViewController.m in Sources */,
				7673011D229BB37C000B9ECA /* UIImage+Image.m in Sources */,
				76730143229CF7B5000B9ECA /* HomrProductMenuBarItem.m in Sources */,
				769D78B620CE700600E69BE2 /* TestCategaryBaseClass+MyCategary.m in Sources */,
				76730132229BEBB2000B9ECA /* HXMenuBarSlide.m in Sources */,
				7673012F229BEBB2000B9ECA /* HXMenuBarController.m in Sources */,
				7607109E2009AB0A0068B442 /* Student.m in Sources */,
				762F20E8229400E4008771CB /* PPNetworkHelper.m in Sources */,
				76FE3603202C21B000369EDF /* SecondViewController.m in Sources */,
				764244B221EF063F009252D7 /* UIImage+Addtions.m in Sources */,
				76730131229BEBB2000B9ECA /* HXMenuBarItem.m in Sources */,
				76730133229BEBB2000B9ECA /* HXMenuBarBase.m in Sources */,
				76B4935A2004AFAD00BF0EED /* Person.m in Sources */,
				7674385822B9D1DF005D2960 /* TestLoginViewController.m in Sources */,
				EAC2B7E81EF9166500AC8029 /* main.m in Sources */,
				7673011A229BAFB6000B9ECA /* Test01ViewController.m in Sources */,
			);
			runOnlyForDeploymentPostprocessing = 0;
		};
		EAC2B7F81EF9166500AC8029 /* Sources */ = {
			isa = PBXSourcesBuildPhase;
			buildActionMask = 2147483647;
			files = (
				EAC2B8011EF9166500AC8029 /* runLoopTests.m in Sources */,
			);
			runOnlyForDeploymentPostprocessing = 0;
		};
		EAC2B8031EF9166500AC8029 /* Sources */ = {
			isa = PBXSourcesBuildPhase;
			buildActionMask = 2147483647;
			files = (
				EAC2B80C1EF9166500AC8029 /* runLoopUITests.m in Sources */,
			);
			runOnlyForDeploymentPostprocessing = 0;
		};
/* End PBXSourcesBuildPhase section */

/* Begin PBXTargetDependency section */
		EAC2B7FE1EF9166500AC8029 /* PBXTargetDependency */ = {
			isa = PBXTargetDependency;
			target = EAC2B7E21EF9166500AC8029 /* runLoop */;
			targetProxy = EAC2B7FD1EF9166500AC8029 /* PBXContainerItemProxy */;
		};
		EAC2B8091EF9166500AC8029 /* PBXTargetDependency */ = {
			isa = PBXTargetDependency;
			target = EAC2B7E21EF9166500AC8029 /* runLoop */;
			targetProxy = EAC2B8081EF9166500AC8029 /* PBXContainerItemProxy */;
		};
/* End PBXTargetDependency section */

/* Begin PBXVariantGroup section */
		EAC2B7EF1EF9166500AC8029 /* Main.storyboard */ = {
			isa = PBXVariantGroup;
			children = (
				EAC2B7F01EF9166500AC8029 /* Base */,
			);
			name = Main.storyboard;
			sourceTree = "<group>";
		};
		EAC2B7F41EF9166500AC8029 /* LaunchScreen.storyboard */ = {
			isa = PBXVariantGroup;
			children = (
				EAC2B7F51EF9166500AC8029 /* Base */,
			);
			name = LaunchScreen.storyboard;
			sourceTree = "<group>";
		};
/* End PBXVariantGroup section */

/* Begin XCBuildConfiguration section */
		EAC2B80E1EF9166500AC8029 /* Debug */ = {
			isa = XCBuildConfiguration;
			buildSettings = {
				ALWAYS_SEARCH_USER_PATHS = NO;
				CLANG_ANALYZER_NONNULL = YES;
				CLANG_ANALYZER_NUMBER_OBJECT_CONVERSION = YES_AGGRESSIVE;
				CLANG_CXX_LANGUAGE_STANDARD = "gnu++0x";
				CLANG_CXX_LIBRARY = "libc++";
				CLANG_ENABLE_MODULES = YES;
				CLANG_ENABLE_OBJC_ARC = YES;
				CLANG_WARN_BOOL_CONVERSION = YES;
				CLANG_WARN_CONSTANT_CONVERSION = YES;
				CLANG_WARN_DIRECT_OBJC_ISA_USAGE = YES_ERROR;
				CLANG_WARN_DOCUMENTATION_COMMENTS = YES;
				CLANG_WARN_EMPTY_BODY = YES;
				CLANG_WARN_ENUM_CONVERSION = YES;
				CLANG_WARN_INFINITE_RECURSION = YES;
				CLANG_WARN_INT_CONVERSION = YES;
				CLANG_WARN_OBJC_ROOT_CLASS = YES_ERROR;
				CLANG_WARN_SUSPICIOUS_MOVE = YES;
				CLANG_WARN_UNREACHABLE_CODE = YES;
				CLANG_WARN__DUPLICATE_METHOD_MATCH = YES;
				"CODE_SIGN_IDENTITY[sdk=iphoneos*]" = "iPhone Developer";
				COPY_PHASE_STRIP = NO;
				DEBUG_INFORMATION_FORMAT = dwarf;
				ENABLE_STRICT_OBJC_MSGSEND = YES;
				ENABLE_TESTABILITY = YES;
				GCC_C_LANGUAGE_STANDARD = gnu99;
				GCC_DYNAMIC_NO_PIC = NO;
				GCC_NO_COMMON_BLOCKS = YES;
				GCC_OPTIMIZATION_LEVEL = 0;
				GCC_PREPROCESSOR_DEFINITIONS = (
					"DEBUG=1",
					"$(inherited)",
				);
				GCC_WARN_64_TO_32_BIT_CONVERSION = YES;
				GCC_WARN_ABOUT_RETURN_TYPE = YES_ERROR;
				GCC_WARN_UNDECLARED_SELECTOR = YES;
				GCC_WARN_UNINITIALIZED_AUTOS = YES_AGGRESSIVE;
				GCC_WARN_UNUSED_FUNCTION = YES;
				GCC_WARN_UNUSED_VARIABLE = YES;
				IPHONEOS_DEPLOYMENT_TARGET = 8.0;
				MTL_ENABLE_DEBUG_INFO = YES;
				ONLY_ACTIVE_ARCH = YES;
				SDKROOT = iphoneos;
				TARGETED_DEVICE_FAMILY = "1,2";
			};
			name = Debug;
		};
		EAC2B80F1EF9166500AC8029 /* Release */ = {
			isa = XCBuildConfiguration;
			buildSettings = {
				ALWAYS_SEARCH_USER_PATHS = NO;
				CLANG_ANALYZER_NONNULL = YES;
				CLANG_ANALYZER_NUMBER_OBJECT_CONVERSION = YES_AGGRESSIVE;
				CLANG_CXX_LANGUAGE_STANDARD = "gnu++0x";
				CLANG_CXX_LIBRARY = "libc++";
				CLANG_ENABLE_MODULES = YES;
				CLANG_ENABLE_OBJC_ARC = YES;
				CLANG_WARN_BOOL_CONVERSION = YES;
				CLANG_WARN_CONSTANT_CONVERSION = YES;
				CLANG_WARN_DIRECT_OBJC_ISA_USAGE = YES_ERROR;
				CLANG_WARN_DOCUMENTATION_COMMENTS = YES;
				CLANG_WARN_EMPTY_BODY = YES;
				CLANG_WARN_ENUM_CONVERSION = YES;
				CLANG_WARN_INFINITE_RECURSION = YES;
				CLANG_WARN_INT_CONVERSION = YES;
				CLANG_WARN_OBJC_ROOT_CLASS = YES_ERROR;
				CLANG_WARN_SUSPICIOUS_MOVE = YES;
				CLANG_WARN_UNREACHABLE_CODE = YES;
				CLANG_WARN__DUPLICATE_METHOD_MATCH = YES;
				"CODE_SIGN_IDENTITY[sdk=iphoneos*]" = "iPhone Developer";
				COPY_PHASE_STRIP = NO;
				DEBUG_INFORMATION_FORMAT = "dwarf-with-dsym";
				ENABLE_NS_ASSERTIONS = NO;
				ENABLE_STRICT_OBJC_MSGSEND = YES;
				GCC_C_LANGUAGE_STANDARD = gnu99;
				GCC_NO_COMMON_BLOCKS = YES;
				GCC_WARN_64_TO_32_BIT_CONVERSION = YES;
				GCC_WARN_ABOUT_RETURN_TYPE = YES_ERROR;
				GCC_WARN_UNDECLARED_SELECTOR = YES;
				GCC_WARN_UNINITIALIZED_AUTOS = YES_AGGRESSIVE;
				GCC_WARN_UNUSED_FUNCTION = YES;
				GCC_WARN_UNUSED_VARIABLE = YES;
				IPHONEOS_DEPLOYMENT_TARGET = 8.0;
				MTL_ENABLE_DEBUG_INFO = NO;
				SDKROOT = iphoneos;
				TARGETED_DEVICE_FAMILY = "1,2";
				VALIDATE_PRODUCT = YES;
			};
			name = Release;
		};
		EAC2B8111EF9166500AC8029 /* Debug */ = {
			isa = XCBuildConfiguration;
			baseConfigurationReference = E15A767FDF5F62B8913D17C2 /* Pods-runLoop.debug.xcconfig */;
			buildSettings = {
				ASSETCATALOG_COMPILER_APPICON_NAME = AppIcon;
				CLANG_ENABLE_MODULES = YES;
				CODE_SIGN_IDENTITY = "iPhone Developer";
				CODE_SIGN_STYLE = Automatic;
				DEVELOPMENT_TEAM = F5TDEPFG3H;
				GCC_PRECOMPILE_PREFIX_HEADER = YES;
				GCC_PREFIX_HEADER = "$(SRCROOT)/runLoop/PrefixHeader.pch";
				INFOPLIST_FILE = runLoop/Info.plist;
				IPHONEOS_DEPLOYMENT_TARGET = 8.0;
				LD_RUNPATH_SEARCH_PATHS = "$(inherited) @executable_path/Frameworks";
				PRODUCT_BUNDLE_IDENTIFIER = picture.runLoop;
				PRODUCT_NAME = "$(TARGET_NAME)";
				PROVISIONING_PROFILE_SPECIFIER = "";
				SWIFT_OBJC_BRIDGING_HEADER = "runLoop/runLoop-Bridging-Header.h";
				SWIFT_OPTIMIZATION_LEVEL = "-Onone";
				SWIFT_VERSION = 3.0;
			};
			name = Debug;
		};
		EAC2B8121EF9166500AC8029 /* Release */ = {
			isa = XCBuildConfiguration;
			baseConfigurationReference = 9FD0E3E40E0420B7DBF69E17 /* Pods-runLoop.release.xcconfig */;
			buildSettings = {
				ASSETCATALOG_COMPILER_APPICON_NAME = AppIcon;
				CLANG_ENABLE_MODULES = YES;
				CODE_SIGN_IDENTITY = "iPhone Developer";
				CODE_SIGN_STYLE = Automatic;
				DEVELOPMENT_TEAM = F5TDEPFG3H;
				GCC_PRECOMPILE_PREFIX_HEADER = YES;
				GCC_PREFIX_HEADER = "$(SRCROOT)/runLoop/PrefixHeader.pch";
				INFOPLIST_FILE = runLoop/Info.plist;
				IPHONEOS_DEPLOYMENT_TARGET = 8.0;
				LD_RUNPATH_SEARCH_PATHS = "$(inherited) @executable_path/Frameworks";
				PRODUCT_BUNDLE_IDENTIFIER = picture.runLoop;
				PRODUCT_NAME = "$(TARGET_NAME)";
				PROVISIONING_PROFILE_SPECIFIER = "";
				SWIFT_OBJC_BRIDGING_HEADER = "runLoop/runLoop-Bridging-Header.h";
				SWIFT_VERSION = 3.0;
			};
			name = Release;
		};
		EAC2B8141EF9166500AC8029 /* Debug */ = {
			isa = XCBuildConfiguration;
			buildSettings = {
				BUNDLE_LOADER = "$(TEST_HOST)";
				DEVELOPMENT_TEAM = C3GN2GN53G;
				INFOPLIST_FILE = runLoopTests/Info.plist;
				LD_RUNPATH_SEARCH_PATHS = "$(inherited) @executable_path/Frameworks @loader_path/Frameworks";
				PRODUCT_BUNDLE_IDENTIFIER = picture.runLoopTests;
				PRODUCT_NAME = "$(TARGET_NAME)";
				TEST_HOST = "$(BUILT_PRODUCTS_DIR)/runLoop.app/runLoop";
			};
			name = Debug;
		};
		EAC2B8151EF9166500AC8029 /* Release */ = {
			isa = XCBuildConfiguration;
			buildSettings = {
				BUNDLE_LOADER = "$(TEST_HOST)";
				DEVELOPMENT_TEAM = C3GN2GN53G;
				INFOPLIST_FILE = runLoopTests/Info.plist;
				LD_RUNPATH_SEARCH_PATHS = "$(inherited) @executable_path/Frameworks @loader_path/Frameworks";
				PRODUCT_BUNDLE_IDENTIFIER = picture.runLoopTests;
				PRODUCT_NAME = "$(TARGET_NAME)";
				TEST_HOST = "$(BUILT_PRODUCTS_DIR)/runLoop.app/runLoop";
			};
			name = Release;
		};
		EAC2B8171EF9166500AC8029 /* Debug */ = {
			isa = XCBuildConfiguration;
			buildSettings = {
				DEVELOPMENT_TEAM = C3GN2GN53G;
				INFOPLIST_FILE = runLoopUITests/Info.plist;
				LD_RUNPATH_SEARCH_PATHS = "$(inherited) @executable_path/Frameworks @loader_path/Frameworks";
				PRODUCT_BUNDLE_IDENTIFIER = picture.runLoopUITests;
				PRODUCT_NAME = "$(TARGET_NAME)";
				TEST_TARGET_NAME = runLoop;
			};
			name = Debug;
		};
		EAC2B8181EF9166500AC8029 /* Release */ = {
			isa = XCBuildConfiguration;
			buildSettings = {
				DEVELOPMENT_TEAM = C3GN2GN53G;
				INFOPLIST_FILE = runLoopUITests/Info.plist;
				LD_RUNPATH_SEARCH_PATHS = "$(inherited) @executable_path/Frameworks @loader_path/Frameworks";
				PRODUCT_BUNDLE_IDENTIFIER = picture.runLoopUITests;
				PRODUCT_NAME = "$(TARGET_NAME)";
				TEST_TARGET_NAME = runLoop;
			};
			name = Release;
		};
/* End XCBuildConfiguration section */

/* Begin XCConfigurationList section */
		EAC2B7DE1EF9166500AC8029 /* Build configuration list for PBXProject "runLoop" */ = {
			isa = XCConfigurationList;
			buildConfigurations = (
				EAC2B80E1EF9166500AC8029 /* Debug */,
				EAC2B80F1EF9166500AC8029 /* Release */,
			);
			defaultConfigurationIsVisible = 0;
			defaultConfigurationName = Release;
		};
		EAC2B8101EF9166500AC8029 /* Build configuration list for PBXNativeTarget "runLoop" */ = {
			isa = XCConfigurationList;
			buildConfigurations = (
				EAC2B8111EF9166500AC8029 /* Debug */,
				EAC2B8121EF9166500AC8029 /* Release */,
			);
			defaultConfigurationIsVisible = 0;
			defaultConfigurationName = Release;
		};
		EAC2B8131EF9166500AC8029 /* Build configuration list for PBXNativeTarget "runLoopTests" */ = {
			isa = XCConfigurationList;
			buildConfigurations = (
				EAC2B8141EF9166500AC8029 /* Debug */,
				EAC2B8151EF9166500AC8029 /* Release */,
			);
			defaultConfigurationIsVisible = 0;
			defaultConfigurationName = Release;
		};
		EAC2B8161EF9166500AC8029 /* Build configuration list for PBXNativeTarget "runLoopUITests" */ = {
			isa = XCConfigurationList;
			buildConfigurations = (
				EAC2B8171EF9166500AC8029 /* Debug */,
				EAC2B8181EF9166500AC8029 /* Release */,
			);
			defaultConfigurationIsVisible = 0;
			defaultConfigurationName = Release;
		};
/* End XCConfigurationList section */
	};
	rootObject = EAC2B7DB1EF9166500AC8029 /* Project object */;
}
