// !$*UTF8*$!
{
	archiveVersion = 1;
	classes = {
	};
	objectVersion = 46;
	objects = {

/* Begin PBXBuildFile section */
		891007361F4054620051CD27 /* main.m in Sources */ = {isa = PBXBuildFile; fileRef = 891007351F4054620051CD27 /* main.m */; };
		891007391F4054620051CD27 /* AppDelegate.m in Sources */ = {isa = PBXBuildFile; fileRef = 891007381F4054620051CD27 /* AppDelegate.m */; };
		8910073C1F4054620051CD27 /* ViewController.m in Sources */ = {isa = PBXBuildFile; fileRef = 8910073B1F4054620051CD27 /* ViewController.m */; };
		8910073F1F4054620051CD27 /* Main.storyboard in Resources */ = {isa = PBXBuildFile; fileRef = 8910073D1F4054620051CD27 /* Main.storyboard */; };
		891007411F4054620051CD27 /* Assets.xcassets in Resources */ = {isa = PBXBuildFile; fileRef = 891007401F4054620051CD27 /* Assets.xcassets */; };
		891007441F4054620051CD27 /* LaunchScreen.storyboard in Resources */ = {isa = PBXBuildFile; fileRef = 891007421F4054620051CD27 /* LaunchScreen.storyboard */; };
		8910074F1F4054620051CD27 /* StudyMasonryTests.m in Sources */ = {isa = PBXBuildFile; fileRef = 8910074E1F4054620051CD27 /* StudyMasonryTests.m */; };
		8910075A1F4054620051CD27 /* StudyMasonryUITests.m in Sources */ = {isa = PBXBuildFile; fileRef = 891007591F4054620051CD27 /* StudyMasonryUITests.m */; };
		891007681F4054C70051CD27 /* README.md in Sources */ = {isa = PBXBuildFile; fileRef = 891007671F4054C70051CD27 /* README.md */; };
		8910076E1F40563E0051CD27 /* Plugin in Resources */ = {isa = PBXBuildFile; fileRef = 8910076D1F40563E0051CD27 /* Plugin */; };
/* End PBXBuildFile section */

/* Begin PBXContainerItemProxy section */
		8910074B1F4054620051CD27 /* PBXContainerItemProxy */ = {
			isa = PBXContainerItemProxy;
			containerPortal = 891007291F4054620051CD27 /* Project object */;
			proxyType = 1;
			remoteGlobalIDString = 891007301F4054620051CD27;
			remoteInfo = StudyMasonry;
		};
		891007561F4054620051CD27 /* PBXContainerItemProxy */ = {
			isa = PBXContainerItemProxy;
			containerPortal = 891007291F4054620051CD27 /* Project object */;
			proxyType = 1;
			remoteGlobalIDString = 891007301F4054620051CD27;
			remoteInfo = StudyMasonry;
		};
/* End PBXContainerItemProxy section */

/* Begin PBXFileReference section */
		891007311F4054620051CD27 /* StudyMasonry.app */ = {isa = PBXFileReference; explicitFileType = wrapper.application; includeInIndex = 0; path = StudyMasonry.app; sourceTree = BUILT_PRODUCTS_DIR; };
		891007351F4054620051CD27 /* main.m */ = {isa = PBXFileReference; lastKnownFileType = sourcecode.c.objc; path = main.m; sourceTree = "<group>"; };
		891007371F4054620051CD27 /* AppDelegate.h */ = {isa = PBXFileReference; lastKnownFileType = sourcecode.c.h; path = AppDelegate.h; sourceTree = "<group>"; };
		891007381F4054620051CD27 /* AppDelegate.m */ = {isa = PBXFileReference; lastKnownFileType = sourcecode.c.objc; path = AppDelegate.m; sourceTree = "<group>"; };
		8910073A1F4054620051CD27 /* ViewController.h */ = {isa = PBXFileReference; lastKnownFileType = sourcecode.c.h; path = ViewController.h; sourceTree = "<group>"; };
		8910073B1F4054620051CD27 /* ViewController.m */ = {isa = PBXFileReference; lastKnownFileType = sourcecode.c.objc; path = ViewController.m; sourceTree = "<group>"; };
		8910073E1F4054620051CD27 /* Base */ = {isa = PBXFileReference; lastKnownFileType = file.storyboard; name = Base; path = Base.lproj/Main.storyboard; sourceTree = "<group>"; };
		891007401F4054620051CD27 /* Assets.xcassets */ = {isa = PBXFileReference; lastKnownFileType = folder.assetcatalog; path = Assets.xcassets; sourceTree = "<group>"; };
		891007431F4054620051CD27 /* Base */ = {isa = PBXFileReference; lastKnownFileType = file.storyboard; name = Base; path = Base.lproj/LaunchScreen.storyboard; sourceTree = "<group>"; };
		891007451F4054620051CD27 /* Info.plist */ = {isa = PBXFileReference; lastKnownFileType = text.plist.xml; path = Info.plist; sourceTree = "<group>"; };
		8910074A1F4054620051CD27 /* StudyMasonryTests.xctest */ = {isa = PBXFileReference; explicitFileType = wrapper.cfbundle; includeInIndex = 0; path = StudyMasonryTests.xctest; sourceTree = BUILT_PRODUCTS_DIR; };
		8910074E1F4054620051CD27 /* StudyMasonryTests.m */ = {isa = PBXFileReference; lastKnownFileType = sourcecode.c.objc; path = StudyMasonryTests.m; sourceTree = "<group>"; };
		891007501F4054620051CD27 /* Info.plist */ = {isa = PBXFileReference; lastKnownFileType = text.plist.xml; path = Info.plist; sourceTree = "<group>"; };
		891007551F4054620051CD27 /* StudyMasonryUITests.xctest */ = {isa = PBXFileReference; explicitFileType = wrapper.cfbundle; includeInIndex = 0; path = StudyMasonryUITests.xctest; sourceTree = BUILT_PRODUCTS_DIR; };
		891007591F4054620051CD27 /* StudyMasonryUITests.m */ = {isa = PBXFileReference; lastKnownFileType = sourcecode.c.objc; path = StudyMasonryUITests.m; sourceTree = "<group>"; };
		8910075B1F4054620051CD27 /* Info.plist */ = {isa = PBXFileReference; lastKnownFileType = text.plist.xml; path = Info.plist; sourceTree = "<group>"; };
		891007671F4054C70051CD27 /* README.md */ = {isa = PBXFileReference; fileEncoding = 4; lastKnownFileType = net.daringfireball.markdown; path = README.md; sourceTree = "<group>"; };
		8910076D1F40563E0051CD27 /* Plugin */ = {isa = PBXFileReference; lastKnownFileType = folder; path = Plugin; sourceTree = "<group>"; };
/* End PBXFileReference section */

/* Begin PBXFrameworksBuildPhase section */
		8910072E1F4054620051CD27 /* Frameworks */ = {
			isa = PBXFrameworksBuildPhase;
			buildActionMask = 2147483647;
			files = (
			);
			runOnlyForDeploymentPostprocessing = 0;
		};
		891007471F4054620051CD27 /* Frameworks */ = {
			isa = PBXFrameworksBuildPhase;
			buildActionMask = 2147483647;
			files = (
			);
			runOnlyForDeploymentPostprocessing = 0;
		};
		891007521F4054620051CD27 /* Frameworks */ = {
			isa = PBXFrameworksBuildPhase;
			buildActionMask = 2147483647;
			files = (
			);
			runOnlyForDeploymentPostprocessing = 0;
		};
/* End PBXFrameworksBuildPhase section */

/* Begin PBXGroup section */
		891007281F4054620051CD27 = {
			isa = PBXGroup;
			children = (
				8910076D1F40563E0051CD27 /* Plugin */,
				891007331F4054620051CD27 /* StudyMasonry */,
				8910074D1F4054620051CD27 /* StudyMasonryTests */,
				891007581F4054620051CD27 /* StudyMasonryUITests */,
				891007321F4054620051CD27 /* Products */,
			);
			sourceTree = "<group>";
		};
		891007321F4054620051CD27 /* Products */ = {
			isa = PBXGroup;
			children = (
				891007311F4054620051CD27 /* StudyMasonry.app */,
				8910074A1F4054620051CD27 /* StudyMasonryTests.xctest */,
				891007551F4054620051CD27 /* StudyMasonryUITests.xctest */,
			);
			name = Products;
			sourceTree = "<group>";
		};
		891007331F4054620051CD27 /* StudyMasonry */ = {
			isa = PBXGroup;
			children = (
				891007371F4054620051CD27 /* AppDelegate.h */,
				891007381F4054620051CD27 /* AppDelegate.m */,
				8910073A1F4054620051CD27 /* ViewController.h */,
				8910073B1F4054620051CD27 /* ViewController.m */,
				8910073D1F4054620051CD27 /* Main.storyboard */,
				891007401F4054620051CD27 /* Assets.xcassets */,
				891007421F4054620051CD27 /* LaunchScreen.storyboard */,
				891007451F4054620051CD27 /* Info.plist */,
				891007341F4054620051CD27 /* Supporting Files */,
				891007671F4054C70051CD27 /* README.md */,
			);
			path = StudyMasonry;
			sourceTree = "<group>";
		};
		891007341F4054620051CD27 /* Supporting Files */ = {
			isa = PBXGroup;
			children = (
				891007351F4054620051CD27 /* main.m */,
			);
			name = "Supporting Files";
			sourceTree = "<group>";
		};
		8910074D1F4054620051CD27 /* StudyMasonryTests */ = {
			isa = PBXGroup;
			children = (
				8910074E1F4054620051CD27 /* StudyMasonryTests.m */,
				891007501F4054620051CD27 /* Info.plist */,
			);
			path = StudyMasonryTests;
			sourceTree = "<group>";
		};
		891007581F4054620051CD27 /* StudyMasonryUITests */ = {
			isa = PBXGroup;
			children = (
				891007591F4054620051CD27 /* StudyMasonryUITests.m */,
				8910075B1F4054620051CD27 /* Info.plist */,
			);
			path = StudyMasonryUITests;
			sourceTree = "<group>";
		};
/* End PBXGroup section */

/* Begin PBXNativeTarget section */
		891007301F4054620051CD27 /* StudyMasonry */ = {
			isa = PBXNativeTarget;
			buildConfigurationList = 8910075E1F4054620051CD27 /* Build configuration list for PBXNativeTarget "StudyMasonry" */;
			buildPhases = (
				8910072D1F4054620051CD27 /* Sources */,
				8910072E1F4054620051CD27 /* Frameworks */,
				8910072F1F4054620051CD27 /* Resources */,
			);
			buildRules = (
			);
			dependencies = (
			);
			name = StudyMasonry;
			productName = StudyMasonry;
			productReference = 891007311F4054620051CD27 /* StudyMasonry.app */;
			productType = "com.apple.product-type.application";
		};
		891007491F4054620051CD27 /* StudyMasonryTests */ = {
			isa = PBXNativeTarget;
			buildConfigurationList = 891007611F4054620051CD27 /* Build configuration list for PBXNativeTarget "StudyMasonryTests" */;
			buildPhases = (
				891007461F4054620051CD27 /* Sources */,
				891007471F4054620051CD27 /* Frameworks */,
				891007481F4054620051CD27 /* Resources */,
			);
			buildRules = (
			);
			dependencies = (
				8910074C1F4054620051CD27 /* PBXTargetDependency */,
			);
			name = StudyMasonryTests;
			productName = StudyMasonryTests;
			productReference = 8910074A1F4054620051CD27 /* StudyMasonryTests.xctest */;
			productType = "com.apple.product-type.bundle.unit-test";
		};
		891007541F4054620051CD27 /* StudyMasonryUITests */ = {
			isa = PBXNativeTarget;
			buildConfigurationList = 891007641F4054620051CD27 /* Build configuration list for PBXNativeTarget "StudyMasonryUITests" */;
			buildPhases = (
				891007511F4054620051CD27 /* Sources */,
				891007521F4054620051CD27 /* Frameworks */,
				891007531F4054620051CD27 /* Resources */,
			);
			buildRules = (
			);
			dependencies = (
				891007571F4054620051CD27 /* PBXTargetDependency */,
			);
			name = StudyMasonryUITests;
			productName = StudyMasonryUITests;
			productReference = 891007551F4054620051CD27 /* StudyMasonryUITests.xctest */;
			productType = "com.apple.product-type.bundle.ui-testing";
		};
/* End PBXNativeTarget section */

/* Begin PBXProject section */
		891007291F4054620051CD27 /* Project object */ = {
			isa = PBXProject;
			attributes = {
				LastUpgradeCheck = 0830;
				ORGANIZATIONNAME = "李坤鹏";
				TargetAttributes = {
					891007301F4054620051CD27 = {
						CreatedOnToolsVersion = 8.3.3;
						DevelopmentTeam = 78LLB8W9N9;
						ProvisioningStyle = Automatic;
					};
					891007491F4054620051CD27 = {
						CreatedOnToolsVersion = 8.3.3;
						DevelopmentTeam = 78LLB8W9N9;
						ProvisioningStyle = Automatic;
						TestTargetID = 891007301F4054620051CD27;
					};
					891007541F4054620051CD27 = {
						CreatedOnToolsVersion = 8.3.3;
						DevelopmentTeam = 78LLB8W9N9;
						ProvisioningStyle = Automatic;
						TestTargetID = 891007301F4054620051CD27;
					};
				};
			};
			buildConfigurationList = 8910072C1F4054620051CD27 /* Build configuration list for PBXProject "StudyMasonry" */;
			compatibilityVersion = "Xcode 3.2";
			developmentRegion = English;
			hasScannedForEncodings = 0;
			knownRegions = (
				en,
				Base,
			);
			mainGroup = 891007281F4054620051CD27;
			productRefGroup = 891007321F4054620051CD27 /* Products */;
			projectDirPath = "";
			projectRoot = "";
			targets = (
				891007301F4054620051CD27 /* StudyMasonry */,
				891007491F4054620051CD27 /* StudyMasonryTests */,
				891007541F4054620051CD27 /* StudyMasonryUITests */,
			);
		};
/* End PBXProject section */

/* Begin PBXResourcesBuildPhase section */
		8910072F1F4054620051CD27 /* Resources */ = {
			isa = PBXResourcesBuildPhase;
			buildActionMask = 2147483647;
			files = (
				891007441F4054620051CD27 /* LaunchScreen.storyboard in Resources */,
				8910076E1F40563E0051CD27 /* Plugin in Resources */,
				891007411F4054620051CD27 /* Assets.xcassets in Resources */,
				8910073F1F4054620051CD27 /* Main.storyboard in Resources */,
			);
			runOnlyForDeploymentPostprocessing = 0;
		};
		891007481F4054620051CD27 /* Resources */ = {
			isa = PBXResourcesBuildPhase;
			buildActionMask = 2147483647;
			files = (
			);
			runOnlyForDeploymentPostprocessing = 0;
		};
		891007531F4054620051CD27 /* Resources */ = {
			isa = PBXResourcesBuildPhase;
			buildActionMask = 2147483647;
			files = (
			);
			runOnlyForDeploymentPostprocessing = 0;
		};
/* End PBXResourcesBuildPhase section */

/* Begin PBXSourcesBuildPhase section */
		8910072D1F4054620051CD27 /* Sources */ = {
			isa = PBXSourcesBuildPhase;
			buildActionMask = 2147483647;
			files = (
				8910073C1F4054620051CD27 /* ViewController.m in Sources */,
				891007391F4054620051CD27 /* AppDelegate.m in Sources */,
				891007681F4054C70051CD27 /* README.md in Sources */,
				891007361F4054620051CD27 /* main.m in Sources */,
			);
			runOnlyForDeploymentPostprocessing = 0;
		};
		891007461F4054620051CD27 /* Sources */ = {
			isa = PBXSourcesBuildPhase;
			buildActionMask = 2147483647;
			files = (
				8910074F1F4054620051CD27 /* StudyMasonryTests.m in Sources */,
			);
			runOnlyForDeploymentPostprocessing = 0;
		};
		891007511F4054620051CD27 /* Sources */ = {
			isa = PBXSourcesBuildPhase;
			buildActionMask = 2147483647;
			files = (
				8910075A1F4054620051CD27 /* StudyMasonryUITests.m in Sources */,
			);
			runOnlyForDeploymentPostprocessing = 0;
		};
/* End PBXSourcesBuildPhase section */

/* Begin PBXTargetDependency section */
		8910074C1F4054620051CD27 /* PBXTargetDependency */ = {
			isa = PBXTargetDependency;
			target = 891007301F4054620051CD27 /* StudyMasonry */;
			targetProxy = 8910074B1F4054620051CD27 /* PBXContainerItemProxy */;
		};
		891007571F4054620051CD27 /* PBXTargetDependency */ = {
			isa = PBXTargetDependency;
			target = 891007301F4054620051CD27 /* StudyMasonry */;
			targetProxy = 891007561F4054620051CD27 /* PBXContainerItemProxy */;
		};
/* End PBXTargetDependency section */

/* Begin PBXVariantGroup section */
		8910073D1F4054620051CD27 /* Main.storyboard */ = {
			isa = PBXVariantGroup;
			children = (
				8910073E1F4054620051CD27 /* Base */,
			);
			name = Main.storyboard;
			sourceTree = "<group>";
		};
		891007421F4054620051CD27 /* LaunchScreen.storyboard */ = {
			isa = PBXVariantGroup;
			children = (
				891007431F4054620051CD27 /* Base */,
			);
			name = LaunchScreen.storyboard;
			sourceTree = "<group>";
		};
/* End PBXVariantGroup section */

/* Begin XCBuildConfiguration section */
		8910075C1F4054620051CD27 /* Debug */ = {
			isa = XCBuildConfiguration;
			buildSettings = {
				ALWAYS_SEARCH_USER_PATHS = NO;
				CLANG_ANALYZER_NONNULL = YES;
				CLANG_ANALYZER_NUMBER_OBJECT_CONVERSION = YES_AGGRESSIVE;
				CLANG_CXX_LANGUAGE_STANDARD = "gnu++0x";
				CLANG_CXX_LIBRARY = "libc++";
				CLANG_ENABLE_MODULES = YES;
				CLANG_ENABLE_OBJC_ARC = YES;
				CLANG_WARN_BOOL_CONVERSION = YES;
				CLANG_WARN_CONSTANT_CONVERSION = YES;
				CLANG_WARN_DIRECT_OBJC_ISA_USAGE = YES_ERROR;
				CLANG_WARN_DOCUMENTATION_COMMENTS = YES;
				CLANG_WARN_EMPTY_BODY = YES;
				CLANG_WARN_ENUM_CONVERSION = YES;
				CLANG_WARN_INFINITE_RECURSION = YES;
				CLANG_WARN_INT_CONVERSION = YES;
				CLANG_WARN_OBJC_ROOT_CLASS = YES_ERROR;
				CLANG_WARN_SUSPICIOUS_MOVE = YES;
				CLANG_WARN_UNREACHABLE_CODE = YES;
				CLANG_WARN__DUPLICATE_METHOD_MATCH = YES;
				"CODE_SIGN_IDENTITY[sdk=iphoneos*]" = "iPhone Developer";
				COPY_PHASE_STRIP = NO;
				DEBUG_INFORMATION_FORMAT = dwarf;
				ENABLE_STRICT_OBJC_MSGSEND = YES;
				ENABLE_TESTABILITY = YES;
				GCC_C_LANGUAGE_STANDARD = gnu99;
				GCC_DYNAMIC_NO_PIC = NO;
				GCC_NO_COMMON_BLOCKS = YES;
				GCC_OPTIMIZATION_LEVEL = 0;
				GCC_PREPROCESSOR_DEFINITIONS = (
					"DEBUG=1",
					"$(inherited)",
				);
				GCC_WARN_64_TO_32_BIT_CONVERSION = YES;
				GCC_WARN_ABOUT_RETURN_TYPE = YES_ERROR;
				GCC_WARN_UNDECLARED_SELECTOR = YES;
				GCC_WARN_UNINITIALIZED_AUTOS = YES_AGGRESSIVE;
				GCC_WARN_UNUSED_FUNCTION = YES;
				GCC_WARN_UNUSED_VARIABLE = YES;
				IPHONEOS_DEPLOYMENT_TARGET = 10.3;
				MTL_ENABLE_DEBUG_INFO = YES;
				ONLY_ACTIVE_ARCH = YES;
				SDKROOT = iphoneos;
			};
			name = Debug;
		};
		8910075D1F4054620051CD27 /* Release */ = {
			isa = XCBuildConfiguration;
			buildSettings = {
				ALWAYS_SEARCH_USER_PATHS = NO;
				CLANG_ANALYZER_NONNULL = YES;
				CLANG_ANALYZER_NUMBER_OBJECT_CONVERSION = YES_AGGRESSIVE;
				CLANG_CXX_LANGUAGE_STANDARD = "gnu++0x";
				CLANG_CXX_LIBRARY = "libc++";
				CLANG_ENABLE_MODULES = YES;
				CLANG_ENABLE_OBJC_ARC = YES;
				CLANG_WARN_BOOL_CONVERSION = YES;
				CLANG_WARN_CONSTANT_CONVERSION = YES;
				CLANG_WARN_DIRECT_OBJC_ISA_USAGE = YES_ERROR;
				CLANG_WARN_DOCUMENTATION_COMMENTS = YES;
				CLANG_WARN_EMPTY_BODY = YES;
				CLANG_WARN_ENUM_CONVERSION = YES;
				CLANG_WARN_INFINITE_RECURSION = YES;
				CLANG_WARN_INT_CONVERSION = YES;
				CLANG_WARN_OBJC_ROOT_CLASS = YES_ERROR;
				CLANG_WARN_SUSPICIOUS_MOVE = YES;
				CLANG_WARN_UNREACHABLE_CODE = YES;
				CLANG_WARN__DUPLICATE_METHOD_MATCH = YES;
				"CODE_SIGN_IDENTITY[sdk=iphoneos*]" = "iPhone Developer";
				COPY_PHASE_STRIP = NO;
				DEBUG_INFORMATION_FORMAT = "dwarf-with-dsym";
				ENABLE_NS_ASSERTIONS = NO;
				ENABLE_STRICT_OBJC_MSGSEND = YES;
				GCC_C_LANGUAGE_STANDARD = gnu99;
				GCC_NO_COMMON_BLOCKS = YES;
				GCC_WARN_64_TO_32_BIT_CONVERSION = YES;
				GCC_WARN_ABOUT_RETURN_TYPE = YES_ERROR;
				GCC_WARN_UNDECLARED_SELECTOR = YES;
				GCC_WARN_UNINITIALIZED_AUTOS = YES_AGGRESSIVE;
				GCC_WARN_UNUSED_FUNCTION = YES;
				GCC_WARN_UNUSED_VARIABLE = YES;
				IPHONEOS_DEPLOYMENT_TARGET = 10.3;
				MTL_ENABLE_DEBUG_INFO = NO;
				SDKROOT = iphoneos;
				VALIDATE_PRODUCT = YES;
			};
			name = Release;
		};
		8910075F1F4054620051CD27 /* Debug */ = {
			isa = XCBuildConfiguration;
			buildSettings = {
				ASSETCATALOG_COMPILER_APPICON_NAME = AppIcon;
				DEVELOPMENT_TEAM = 78LLB8W9N9;
				INFOPLIST_FILE = StudyMasonry/Info.plist;
				LD_RUNPATH_SEARCH_PATHS = "$(inherited) @executable_path/Frameworks";
				PRODUCT_BUNDLE_IDENTIFIER = con.lkp.iOSUI.StudyMasonry;
				PRODUCT_NAME = "$(TARGET_NAME)";
			};
			name = Debug;
		};
		891007601F4054620051CD27 /* Release */ = {
			isa = XCBuildConfiguration;
			buildSettings = {
				ASSETCATALOG_COMPILER_APPICON_NAME = AppIcon;
				DEVELOPMENT_TEAM = 78LLB8W9N9;
				INFOPLIST_FILE = StudyMasonry/Info.plist;
				LD_RUNPATH_SEARCH_PATHS = "$(inherited) @executable_path/Frameworks";
				PRODUCT_BUNDLE_IDENTIFIER = con.lkp.iOSUI.StudyMasonry;
				PRODUCT_NAME = "$(TARGET_NAME)";
			};
			name = Release;
		};
		891007621F4054620051CD27 /* Debug */ = {
			isa = XCBuildConfiguration;
			buildSettings = {
				BUNDLE_LOADER = "$(TEST_HOST)";
				DEVELOPMENT_TEAM = 78LLB8W9N9;
				INFOPLIST_FILE = StudyMasonryTests/Info.plist;
				LD_RUNPATH_SEARCH_PATHS = "$(inherited) @executable_path/Frameworks @loader_path/Frameworks";
				PRODUCT_BUNDLE_IDENTIFIER = con.lkp.iOSUI.StudyMasonryTests;
				PRODUCT_NAME = "$(TARGET_NAME)";
				TEST_HOST = "$(BUILT_PRODUCTS_DIR)/StudyMasonry.app/StudyMasonry";
			};
			name = Debug;
		};
		891007631F4054620051CD27 /* Release */ = {
			isa = XCBuildConfiguration;
			buildSettings = {
				BUNDLE_LOADER = "$(TEST_HOST)";
				DEVELOPMENT_TEAM = 78LLB8W9N9;
				INFOPLIST_FILE = StudyMasonryTests/Info.plist;
				LD_RUNPATH_SEARCH_PATHS = "$(inherited) @executable_path/Frameworks @loader_path/Frameworks";
				PRODUCT_BUNDLE_IDENTIFIER = con.lkp.iOSUI.StudyMasonryTests;
				PRODUCT_NAME = "$(TARGET_NAME)";
				TEST_HOST = "$(BUILT_PRODUCTS_DIR)/StudyMasonry.app/StudyMasonry";
			};
			name = Release;
		};
		891007651F4054620051CD27 /* Debug */ = {
			isa = XCBuildConfiguration;
			buildSettings = {
				DEVELOPMENT_TEAM = 78LLB8W9N9;
				INFOPLIST_FILE = StudyMasonryUITests/Info.plist;
				LD_RUNPATH_SEARCH_PATHS = "$(inherited) @executable_path/Frameworks @loader_path/Frameworks";
				PRODUCT_BUNDLE_IDENTIFIER = con.lkp.iOSUI.StudyMasonryUITests;
				PRODUCT_NAME = "$(TARGET_NAME)";
				TEST_TARGET_NAME = StudyMasonry;
			};
			name = Debug;
		};
		891007661F4054620051CD27 /* Release */ = {
			isa = XCBuildConfiguration;
			buildSettings = {
				DEVELOPMENT_TEAM = 78LLB8W9N9;
				INFOPLIST_FILE = StudyMasonryUITests/Info.plist;
				LD_RUNPATH_SEARCH_PATHS = "$(inherited) @executable_path/Frameworks @loader_path/Frameworks";
				PRODUCT_BUNDLE_IDENTIFIER = con.lkp.iOSUI.StudyMasonryUITests;
				PRODUCT_NAME = "$(TARGET_NAME)";
				TEST_TARGET_NAME = StudyMasonry;
			};
			name = Release;
		};
/* End XCBuildConfiguration section */

/* Begin XCConfigurationList section */
		8910072C1F4054620051CD27 /* Build configuration list for PBXProject "StudyMasonry" */ = {
			isa = XCConfigurationList;
			buildConfigurations = (
				8910075C1F4054620051CD27 /* Debug */,
				8910075D1F4054620051CD27 /* Release */,
			);
			defaultConfigurationIsVisible = 0;
			defaultConfigurationName = Release;
		};
		8910075E1F4054620051CD27 /* Build configuration list for PBXNativeTarget "StudyMasonry" */ = {
			isa = XCConfigurationList;
			buildConfigurations = (
				8910075F1F4054620051CD27 /* Debug */,
				891007601F4054620051CD27 /* Release */,
			);
			defaultConfigurationIsVisible = 0;
		};
		891007611F4054620051CD27 /* Build configuration list for PBXNativeTarget "StudyMasonryTests" */ = {
			isa = XCConfigurationList;
			buildConfigurations = (
				891007621F4054620051CD27 /* Debug */,
				891007631F4054620051CD27 /* Release */,
			);
			defaultConfigurationIsVisible = 0;
		};
		891007641F4054620051CD27 /* Build configuration list for PBXNativeTarget "StudyMasonryUITests" */ = {
			isa = XCConfigurationList;
			buildConfigurations = (
				891007651F4054620051CD27 /* Debug */,
				891007661F4054620051CD27 /* Release */,
			);
			defaultConfigurationIsVisible = 0;
		};
/* End XCConfigurationList section */
	};
	rootObject = 891007291F4054620051CD27 /* Project object */;
}
